PODS:
  - Alamofire (4.5.1)
  - Crashlytics (3.9.0):
    - Fabric (~> 1.7.0)
  - Eureka (4.0.1)
  - Fabric (1.7.0)
  - Firebase/Core (4.3.0):
    - FirebaseAnalytics (= 4.0.4)
    - FirebaseCore (= 4.0.8)
  - Firebase/Messaging (4.3.0):
    - Firebase/Core
    - FirebaseMessaging (= 2.0.4)
  - Firebase/RemoteConfig (4.3.0):
    - Firebase/Core
    - FirebaseRemoteConfig (= 2.0.3)
  - Firebase/Storage (4.3.0):
    - Firebase/Core
    - FirebaseStorage (= 2.0.2)
  - FirebaseAnalytics (4.0.4):
    - FirebaseCore (~> 4.0)
    - FirebaseInstanceID (~> 2.0)
    - GoogleToolboxForMac/NSData+zlib (~> 2.1)
    - nanopb (~> 0.3)
  - FirebaseCore (4.0.8):
    - GoogleToolboxForMac/NSData+zlib (~> 2.1)
    - nanopb (~> 0.3)
  - FirebaseInstanceID (2.0.4)
  - FirebaseMessaging (2.0.4):
    - FirebaseAnalytics (~> 4.0)
    - FirebaseCore (~> 4.0)
    - FirebaseInstanceID (~> 2.0)
    - GoogleToolboxForMac/Logger (~> 2.1)
    - Protobuf (~> 3.1)
  - FirebaseRemoteConfig (2.0.3):
    - FirebaseAnalytics (~> 4.0)
    - FirebaseInstanceID (~> 2.0)
    - GoogleToolboxForMac/NSData+zlib (~> 2.1)
    - Protobuf (~> 3.1)
  - FirebaseStorage (2.0.2):
    - FirebaseAnalytics (~> 4.0)
    - FirebaseCore (~> 4.0)
    - GTMSessionFetcher/Core (~> 1.1)
  - GoogleToolboxForMac/Defines (2.1.3)
  - GoogleToolboxForMac/Logger (2.1.3):
    - GoogleToolboxForMac/Defines (= 2.1.3)
  - GoogleToolboxForMac/NSData+zlib (2.1.3):
    - GoogleToolboxForMac/Defines (= 2.1.3)
  - GRMustache.swift (2.0.0)
  - GTMSessionFetcher/Core (1.1.12)
  - HexColors (4.0.0)
  - JTAppleCalendar (7.0.6)
  - nanopb (0.3.8):
    - nanopb/decode (= 0.3.8)
    - nanopb/encode (= 0.3.8)
  - nanopb/decode (0.3.8)
  - nanopb/encode (0.3.8)
  - ObjectMapper (3.0.0)
  - PPTopMostController (0.0.1)
  - Protobuf (3.4.0)
  - ReachabilitySwift (4.1.0)
  - RMessage (2.1.5):
    - HexColors (~> 4.0)
    - PPTopMostController
  - SwiftMailgun (1.0.1):
    - Alamofire
    - ObjectMapper
  - SwiftyBeaver (1.4.2)

DEPENDENCIES:
  - Crashlytics
  - Eureka (~> 4.0.0)
  - Fabric
  - Firebase/Core
  - Firebase/Messaging
  - Firebase/RemoteConfig
  - Firebase/Storage
  - GRMustache.swift
  - JTAppleCalendar (~> 7.0)
  - ReachabilitySwift
  - RMessage (~> 2.1.5)
  - SwiftMailgun
  - SwiftyBeaver (~> 1.4.2)

SPEC CHECKSUMS:
  Alamofire: 2d95912bf4c34f164fdfc335872e8c312acaea4a
  Crashlytics: 64aad5dd97249dd3ff94b979fea140144590cdd3
  Eureka: c8bd5cc07143b6f66268c208d28a246c99b41955
  Fabric: e6be012366472553807dada21243c5ab8d904151
  Firebase: 83283761a1ef6dc9846e03d08059f51421afbd65
  FirebaseAnalytics: 722b53c7b32bfc7806b06e0093a2f5180d4f2c5a
  FirebaseCore: 69b1a5ac5f857ba6d5fd9d5fe794f4786dd5e579
  FirebaseInstanceID: 70c2b877e9338971b2429ea5a4293df6961aa44e
  FirebaseMessaging: 3dd86bfda2acb680b05c97f3f8ac566e9bb87b2a
  FirebaseRemoteConfig: 1c982f73af48ec048c8fa8621d5178cfdffac9aa
  FirebaseStorage: 0cca42d9b889a0227c3a50121f45a4469fc9eb27
  GoogleToolboxForMac: 2501e2ad72a52eb3dfe7bd9aee7dad11b858bd20
  GRMustache.swift: 8a547c12bea16052071b2b540af83d770075f0eb
  GTMSessionFetcher: ebaa1f79a5366922c1735f1566901f50beba23b7
  HexColors: 5f95843ef89aff6a72e1fd3a8ebabf205cc43379
  JTAppleCalendar: 6a942475e33b9ad4dee0a0e14aa4c63adcf4f543
  nanopb: 5601e6bca2dbf1ed831b519092ec110f66982ca3
  ObjectMapper: 92230db59bf8f341a5c3a3cf0b9fbdde3cf0d87f
  PPTopMostController: 4e6f1e5f8c645bdcc74cd837a20f607ff262c048
  Protobuf: 03eef2ee0b674770735cf79d9c4d3659cf6908e8
  ReachabilitySwift: 6849231cd4e06559f3b9ef4a97a0a0f96d41e09f
  RMessage: 31d44bd26a8f353f987d2e7194f3e9ffb203cbf2
  SwiftMailgun: 311a28057e0ced2dbcfbc8320e4aa282511877d2
  SwiftyBeaver: 91057725648ee4980308f1650af077d04b3654a0

PODFILE CHECKSUM: 5d6d813241054256b3f60b89fa6a90c6e75bcc7d

COCOAPODS: 1.3.1
