PODS:
  - Alamofire (4.5.1)
  - Crashlytics (3.8.6):
    - Fabric (~> 1.6.3)
  - Eureka (4.0.0)
  - Fabric (1.6.13)
  - Firebase/Core (4.2.0):
    - FirebaseAnalytics (= 4.0.3)
    - FirebaseCore (= 4.0.7)
  - Firebase/RemoteConfig (4.2.0):
    - Firebase/Core
    - FirebaseRemoteConfig (= 2.0.3)
  - Firebase/Storage (4.2.0):
    - Firebase/Core
    - FirebaseStorage (= 2.0.2)
  - FirebaseAnalytics (4.0.3):
    - FirebaseCore (~> 4.0)
    - FirebaseInstanceID (~> 2.0)
    - GoogleToolboxForMac/NSData+zlib (~> 2.1)
    - nanopb (~> 0.3)
  - FirebaseCore (4.0.7):
    - GoogleToolboxForMac/NSData+zlib (~> 2.1)
    - nanopb (~> 0.3)
  - FirebaseInstanceID (2.0.3)
  - FirebaseRemoteConfig (2.0.3):
    - FirebaseAnalytics (~> 4.0)
    - FirebaseInstanceID (~> 2.0)
    - GoogleToolboxForMac/NSData+zlib (~> 2.1)
    - Protobuf (~> 3.1)
  - FirebaseStorage (2.0.2):
    - FirebaseAnalytics (~> 4.0)
    - FirebaseCore (~> 4.0)
    - GTMSessionFetcher/Core (~> 1.1)
  - GoogleToolboxForMac/Defines (2.1.1)
  - GoogleToolboxForMac/NSData+zlib (2.1.1):
    - GoogleToolboxForMac/Defines (= 2.1.1)
  - GRMustache.swift (2.0.0)
  - GTMSessionFetcher/Core (1.1.12)
  - HexColors (4.0.0)
  - JTAppleCalendar (7.0.6)
  - nanopb (0.3.8):
    - nanopb/decode (= 0.3.8)
    - nanopb/encode (= 0.3.8)
  - nanopb/decode (0.3.8)
  - nanopb/encode (0.3.8)
  - ObjectMapper (3.0.0)
  - PPTopMostController (0.0.1)
  - Protobuf (3.4.0)
  - ReachabilitySwift (3)
  - RMessage (2.1.5):
    - HexColors (~> 4.0)
    - PPTopMostController
  - SwiftMailgun (1.0.1):
    - Alamofire
    - ObjectMapper
  - SwiftyBeaver (1.4.2)

DEPENDENCIES:
  - Crashlytics
  - Eureka (~> 4.0.0)
  - Fabric
  - Firebase/Core
  - Firebase/RemoteConfig
  - Firebase/Storage
  - GRMustache.swift
  - JTAppleCalendar (~> 7.0)
  - ReachabilitySwift
  - RMessage (~> 2.1.5)
  - SwiftMailgun
  - SwiftyBeaver (~> 1.4.2)

SPEC CHECKSUMS:
  Alamofire: 2d95912bf4c34f164fdfc335872e8c312acaea4a
  Crashlytics: 95d05f4e4c19a771250c4bd9ce344d996de32bbf
  Eureka: c0b55d2aec82050c1400c7d65960b700be8d10ef
  Fabric: 2fb5676bc811af011a04513451f463dac6803206
  Firebase: 9548cae14d69718add12d75a5b312893f7ef89c7
  FirebaseAnalytics: 76f754d37ca5b04f36856729b6af3ca0152d1069
  FirebaseCore: 9a6cc1e3eaf75905390f9220596ad4fd8f92faee
  FirebaseInstanceID: a4fc702b5a026f7322964376047f1a3f1f7cc6ff
  FirebaseRemoteConfig: 1c982f73af48ec048c8fa8621d5178cfdffac9aa
  FirebaseStorage: 0cca42d9b889a0227c3a50121f45a4469fc9eb27
  GoogleToolboxForMac: 8e329f1b599f2512c6b10676d45736bcc2cbbeb0
  GRMustache.swift: 8a547c12bea16052071b2b540af83d770075f0eb
  GTMSessionFetcher: ebaa1f79a5366922c1735f1566901f50beba23b7
  HexColors: 5f95843ef89aff6a72e1fd3a8ebabf205cc43379
  JTAppleCalendar: 6a942475e33b9ad4dee0a0e14aa4c63adcf4f543
  nanopb: 5601e6bca2dbf1ed831b519092ec110f66982ca3
  ObjectMapper: 92230db59bf8f341a5c3a3cf0b9fbdde3cf0d87f
  PPTopMostController: 4e6f1e5f8c645bdcc74cd837a20f607ff262c048
  Protobuf: 03eef2ee0b674770735cf79d9c4d3659cf6908e8
  ReachabilitySwift: f5b9bb30a0777fac8f09ce8b067e32faeb29bb64
  RMessage: 31d44bd26a8f353f987d2e7194f3e9ffb203cbf2
  SwiftMailgun: 311a28057e0ced2dbcfbc8320e4aa282511877d2
  SwiftyBeaver: 91057725648ee4980308f1650af077d04b3654a0

PODFILE CHECKSUM: 83c0e2c5c281fb84d0d91be3c06cfaa06e4e4d6d

COCOAPODS: 1.3.1
