// !$*UTF8*$!
{
	archiveVersion = 1;
	classes = {
	};
	objectVersion = 48;
	objects = {

/* Begin PBXBuildFile section */
		261C9039DA2C9CDD6CD0E02F /* Pods_Dance_Trix.framework in Frameworks */ = {isa = PBXBuildFile; fileRef = D44E7DF404F88500D9FDE6D8 /* Pods_Dance_Trix.framework */; };
		28690BA29C22982BBF91A486 /* Pods_Dance_Trix_Tests.framework in Frameworks */ = {isa = PBXBuildFile; fileRef = 7EAFC10EAB243549E5EAA1C6 /* Pods_Dance_Trix_Tests.framework */; };
		A2698F052012A5B7005DF277 /* ImportantDatesViewController.swift in Sources */ = {isa = PBXBuildFile; fileRef = A2698F042012A5B7005DF277 /* ImportantDatesViewController.swift */; };
		A2F11A362013C08D00B1A14D /* dates_important.csv in Resources */ = {isa = PBXBuildFile; fileRef = A2F11A352013C08D00B1A14D /* dates_important.csv */; };
		A2F11A382013C18200B1A14D /* ImportantDatesParser.swift in Sources */ = {isa = PBXBuildFile; fileRef = A2F11A372013C18200B1A14D /* ImportantDatesParser.swift */; };
		A2F11A3A201401EB00B1A14D /* PaymentDetailsViewController.swift in Sources */ = {isa = PBXBuildFile; fileRef = A2F11A39201401EB00B1A14D /* PaymentDetailsViewController.swift */; };
		A600265F1F7AACF000DDC90F /* TextField.swift in Sources */ = {isa = PBXBuildFile; fileRef = A600265E1F7AACF000DDC90F /* TextField.swift */; };
		A60026611F7B985300DDC90F /* SubmitBookingViewController.swift in Sources */ = {isa = PBXBuildFile; fileRef = A60026601F7B985300DDC90F /* SubmitBookingViewController.swift */; };
		A60026631F7BB4D200DDC90F /* prepare-commit-msg in Resources */ = {isa = PBXBuildFile; fileRef = A60026621F7BB4D200DDC90F /* prepare-commit-msg */; };
		A608AD4B1FC4322300FE614C /* NotificationName.swift in Sources */ = {isa = PBXBuildFile; fileRef = A608AD4A1FC4322300FE614C /* NotificationName.swift */; };
		A627D0771F79A185009097C1 /* ReadOnlyTextView.swift in Sources */ = {isa = PBXBuildFile; fileRef = A627D0761F79A185009097C1 /* ReadOnlyTextView.swift */; };
		A627D0791F79A733009097C1 /* BackgroundView.swift in Sources */ = {isa = PBXBuildFile; fileRef = A627D0781F79A733009097C1 /* BackgroundView.swift */; };
		A62CA2051F86772A0087D3D0 /* AnalyticsUIViewController.swift in Sources */ = {isa = PBXBuildFile; fileRef = A62CA2041F86772A0087D3D0 /* AnalyticsUIViewController.swift */; };
		A62CA2061F8683070087D3D0 /* UniformGroup.swift in Sources */ = {isa = PBXBuildFile; fileRef = A66EF18A1F863CFB00B8EDFE /* UniformGroup.swift */; };
		A62CA2071F86830A0087D3D0 /* UniformItem.swift in Sources */ = {isa = PBXBuildFile; fileRef = A66EF18C1F863D4300B8EDFE /* UniformItem.swift */; };
		A62CA2081F8683920087D3D0 /* ClassDatesParser.swift in Sources */ = {isa = PBXBuildFile; fileRef = A69ED4971F82DE270005B845 /* ClassDatesParser.swift */; };
		A62CA2091F8683950087D3D0 /* CsvParser.swift in Sources */ = {isa = PBXBuildFile; fileRef = A66EF1921F86678900B8EDFE /* CsvParser.swift */; };
		A632F78A1F7505E100F9FD8A /* ClassesViewController.swift in Sources */ = {isa = PBXBuildFile; fileRef = A632F7891F7505E100F9FD8A /* ClassesViewController.swift */; };
		A66EF18B1F863CFB00B8EDFE /* UniformGroup.swift in Sources */ = {isa = PBXBuildFile; fileRef = A66EF18A1F863CFB00B8EDFE /* UniformGroup.swift */; };
		A66EF18D1F863D4300B8EDFE /* UniformItem.swift in Sources */ = {isa = PBXBuildFile; fileRef = A66EF18C1F863D4300B8EDFE /* UniformItem.swift */; };
		A66EF18F1F8655A000B8EDFE /* Configuration.plist in Resources */ = {isa = PBXBuildFile; fileRef = A66EF18E1F8655A000B8EDFE /* Configuration.plist */; };
		A66EF1911F86647F00B8EDFE /* Preferences.swift in Sources */ = {isa = PBXBuildFile; fileRef = A66EF1901F86647F00B8EDFE /* Preferences.swift */; };
		A66EF1931F86678900B8EDFE /* CsvParser.swift in Sources */ = {isa = PBXBuildFile; fileRef = A66EF1921F86678900B8EDFE /* CsvParser.swift */; };
		A68828081F7560C600D82322 /* UniformParserTest.swift in Sources */ = {isa = PBXBuildFile; fileRef = A68828071F7560C600D82322 /* UniformParserTest.swift */; };
		A688280F1F75626300D82322 /* ClassMenu.swift in Sources */ = {isa = PBXBuildFile; fileRef = A6BA0F701F74FE4C00FAF47E /* ClassMenu.swift */; };
		A68828101F75627F00D82322 /* Class.swift in Sources */ = {isa = PBXBuildFile; fileRef = A6BA0F721F74FEB800FAF47E /* Class.swift */; };
		A68828121F756F0600D82322 /* Theme.swift in Sources */ = {isa = PBXBuildFile; fileRef = A68828111F756F0600D82322 /* Theme.swift */; };
		A68828141F75AB6200D82322 /* ClassMenuParser.swift in Sources */ = {isa = PBXBuildFile; fileRef = A68828131F75AB6200D82322 /* ClassMenuParser.swift */; };
		A68828151F75ADD100D82322 /* ClassMenuParser.swift in Sources */ = {isa = PBXBuildFile; fileRef = A68828131F75AB6200D82322 /* ClassMenuParser.swift */; };
		A68828181F76FC7000D82322 /* LinkButton.swift in Sources */ = {isa = PBXBuildFile; fileRef = A68828171F76FC7000D82322 /* LinkButton.swift */; };
		A688281A1F7706D200D82322 /* TintImageView.swift in Sources */ = {isa = PBXBuildFile; fileRef = A68828191F7706D200D82322 /* TintImageView.swift */; };
		A688281C1F77094600D82322 /* TitleNavigationItem.swift in Sources */ = {isa = PBXBuildFile; fileRef = A688281B1F77094600D82322 /* TitleNavigationItem.swift */; };
		A68828321F783DC300D82322 /* ClassDatesViewController.swift in Sources */ = {isa = PBXBuildFile; fileRef = A68828311F783DC300D82322 /* ClassDatesViewController.swift */; };
		A68828341F78410B00D82322 /* DateInterval_Text.swift in Sources */ = {isa = PBXBuildFile; fileRef = A68828331F78410B00D82322 /* DateInterval_Text.swift */; };
		A68828361F78445200D82322 /* TintSelectTableViewCell.swift in Sources */ = {isa = PBXBuildFile; fileRef = A68828351F78445200D82322 /* TintSelectTableViewCell.swift */; };
		A68828381F78467900D82322 /* SubmitButton.swift in Sources */ = {isa = PBXBuildFile; fileRef = A68828371F78467900D82322 /* SubmitButton.swift */; };
		A697F8661F7C32BF00195246 /* MockClassService.swift in Sources */ = {isa = PBXBuildFile; fileRef = A697F8651F7C32BF00195246 /* MockClassService.swift */; };
		A697F8681F7C38C600195246 /* ServiceLocator.swift in Sources */ = {isa = PBXBuildFile; fileRef = A697F8671F7C38C600195246 /* ServiceLocator.swift */; };
		A697F86C1F7C3AD200195246 /* ClassesError.swift in Sources */ = {isa = PBXBuildFile; fileRef = A697F86B1F7C3AD200195246 /* ClassesError.swift */; };
		A697F86E1F7C3D0E00195246 /* BookingError.swift in Sources */ = {isa = PBXBuildFile; fileRef = A697F86D1F7C3D0E00195246 /* BookingError.swift */; };
		A697F8711F7CF0AB00195246 /* CalendarViewController.swift in Sources */ = {isa = PBXBuildFile; fileRef = A697F8701F7CF0AB00195246 /* CalendarViewController.swift */; };
		A697F8731F7D42E000195246 /* CalendarCell.swift in Sources */ = {isa = PBXBuildFile; fileRef = A697F8721F7D42E000195246 /* CalendarCell.swift */; };
		A69ED4921F829C710005B845 /* GoogleService-Info.plist in Resources */ = {isa = PBXBuildFile; fileRef = A69ED4911F829C710005B845 /* GoogleService-Info.plist */; };
		A69ED4961F82DAB80005B845 /* classes.csv in Resources */ = {isa = PBXBuildFile; fileRef = A69ED4951F82DAB80005B845 /* classes.csv */; };
		A69ED4981F82DE270005B845 /* ClassDatesParser.swift in Sources */ = {isa = PBXBuildFile; fileRef = A69ED4971F82DE270005B845 /* ClassDatesParser.swift */; };
		A69ED49A1F82DEFE0005B845 /* dates_adults.csv in Resources */ = {isa = PBXBuildFile; fileRef = A69ED4991F82DEFE0005B845 /* dates_adults.csv */; };
		A69ED49C1F82E2270005B845 /* dates_autumn_half_term_2_2017.csv in Resources */ = {isa = PBXBuildFile; fileRef = A69ED49B1F82E2270005B845 /* dates_autumn_half_term_2_2017.csv */; };
		A69ED49E1F82E3490005B845 /* dates_spring_half_term_1_2018.csv in Resources */ = {isa = PBXBuildFile; fileRef = A69ED49D1F82E3490005B845 /* dates_spring_half_term_1_2018.csv */; };
		A69ED4A01F82E3910005B845 /* dates_spring_half_term_2_2018.csv in Resources */ = {isa = PBXBuildFile; fileRef = A69ED49F1F82E3910005B845 /* dates_spring_half_term_2_2018.csv */; };
		A69ED4A21F82E3D00005B845 /* dates_summer_half_term_1_2018.csv in Resources */ = {isa = PBXBuildFile; fileRef = A69ED4A11F82E3D00005B845 /* dates_summer_half_term_1_2018.csv */; };
		A69ED4A41F82E4020005B845 /* dates_summer_half_term_2_2018.csv in Resources */ = {isa = PBXBuildFile; fileRef = A69ED4A31F82E4020005B845 /* dates_summer_half_term_2_2018.csv */; };
		A69ED4A61F82E5BD0005B845 /* FirebaseStorageClassService.swift in Sources */ = {isa = PBXBuildFile; fileRef = A69ED4A51F82E5BD0005B845 /* FirebaseStorageClassService.swift */; };
		A69ED4A81F83BC8C0005B845 /* EmailServiceType.swift in Sources */ = {isa = PBXBuildFile; fileRef = A69ED4A71F83BC8C0005B845 /* EmailServiceType.swift */; };
		A69ED4AA1F83BD6E0005B845 /* MockEmailService.swift in Sources */ = {isa = PBXBuildFile; fileRef = A69ED4A91F83BD6E0005B845 /* MockEmailService.swift */; };
		A69ED4AC1F83BDCB0005B845 /* MailgunEmailService.swift in Sources */ = {isa = PBXBuildFile; fileRef = A69ED4AB1F83BDCB0005B845 /* MailgunEmailService.swift */; };
		A69ED4B11F83C06A0005B845 /* payment_notify_subject.mustache in Resources */ = {isa = PBXBuildFile; fileRef = A69ED4B01F83C06A0005B845 /* payment_notify_subject.mustache */; };
		A69ED4B31F83C3650005B845 /* payment_notify_body_html.mustache in Resources */ = {isa = PBXBuildFile; fileRef = A69ED4B21F83C3650005B845 /* payment_notify_body_html.mustache */; };
		A69ED4B51F83C3860005B845 /* payment_notify_body_plain.mustache in Resources */ = {isa = PBXBuildFile; fileRef = A69ED4B41F83C3860005B845 /* payment_notify_body_plain.mustache */; };
		A69ED4B71F83E79F0005B845 /* EmailPaymentService.swift in Sources */ = {isa = PBXBuildFile; fileRef = A69ED4B61F83E79F0005B845 /* EmailPaymentService.swift */; };
		A69ED4BB1F83FDC60005B845 /* EmailBookingService.swift in Sources */ = {isa = PBXBuildFile; fileRef = A69ED4BA1F83FDC60005B845 /* EmailBookingService.swift */; };
		A69ED4BD1F83FE6A0005B845 /* class_booking_subject.mustache in Resources */ = {isa = PBXBuildFile; fileRef = A69ED4BC1F83FE6A0005B845 /* class_booking_subject.mustache */; };
		A69ED4BF1F83FE890005B845 /* class_booking_body_plain.mustache in Resources */ = {isa = PBXBuildFile; fileRef = A69ED4BE1F83FE890005B845 /* class_booking_body_plain.mustache */; };
		A69ED4C11F83FF330005B845 /* class_booking_body_html.mustache in Resources */ = {isa = PBXBuildFile; fileRef = A69ED4C01F83FF330005B845 /* class_booking_body_html.mustache */; };
		A69ED4C31F84D55B0005B845 /* EmailError.swift in Sources */ = {isa = PBXBuildFile; fileRef = A69ED4C21F84D55B0005B845 /* EmailError.swift */; };
		A69ED4C51F8528AD0005B845 /* uniform_order_subject.mustache in Resources */ = {isa = PBXBuildFile; fileRef = A69ED4C41F8528AD0005B845 /* uniform_order_subject.mustache */; };
		A69ED4C71F8528D40005B845 /* uniform_order_body_plain.mustache in Resources */ = {isa = PBXBuildFile; fileRef = A69ED4C61F8528D40005B845 /* uniform_order_body_plain.mustache */; };
		A69ED4C91F852A5C0005B845 /* EmailUniformService.swift in Sources */ = {isa = PBXBuildFile; fileRef = A69ED4C81F852A5C0005B845 /* EmailUniformService.swift */; };
		A69ED4CB1F852C140005B845 /* uniform_order_body_html.mustache in Resources */ = {isa = PBXBuildFile; fileRef = A69ED4CA1F852C140005B845 /* uniform_order_body_html.mustache */; };
		A69ED4CD1F8534810005B845 /* description_lorem_ipsum.txt in Resources */ = {isa = PBXBuildFile; fileRef = A69ED4CC1F8534810005B845 /* description_lorem_ipsum.txt */; };
		A69ED4D61F8542580005B845 /* Configuration.swift in Sources */ = {isa = PBXBuildFile; fileRef = A69ED4D51F8542580005B845 /* Configuration.swift */; };
		A6BA0F5C1F74E20C00FAF47E /* AppDelegate.swift in Sources */ = {isa = PBXBuildFile; fileRef = A6BA0F5B1F74E20C00FAF47E /* AppDelegate.swift */; };
		A6BA0F5E1F74E20C00FAF47E /* HomeViewController.swift in Sources */ = {isa = PBXBuildFile; fileRef = A6BA0F5D1F74E20C00FAF47E /* HomeViewController.swift */; };
		A6BA0F611F74E20C00FAF47E /* Main.storyboard in Resources */ = {isa = PBXBuildFile; fileRef = A6BA0F5F1F74E20C00FAF47E /* Main.storyboard */; };
		A6BA0F631F74E20C00FAF47E /* Assets.xcassets in Resources */ = {isa = PBXBuildFile; fileRef = A6BA0F621F74E20C00FAF47E /* Assets.xcassets */; };
		A6BA0F661F74E20C00FAF47E /* LaunchScreen.storyboard in Resources */ = {isa = PBXBuildFile; fileRef = A6BA0F641F74E20C00FAF47E /* LaunchScreen.storyboard */; };
		A6BA0F711F74FE4C00FAF47E /* ClassMenu.swift in Sources */ = {isa = PBXBuildFile; fileRef = A6BA0F701F74FE4C00FAF47E /* ClassMenu.swift */; };
		A6BA0F731F74FEB800FAF47E /* Class.swift in Sources */ = {isa = PBXBuildFile; fileRef = A6BA0F721F74FEB800FAF47E /* Class.swift */; };
		A6BD4F271F7E9AB600D261D1 /* Notification.swift in Sources */ = {isa = PBXBuildFile; fileRef = A6BD4F261F7E9AB600D261D1 /* Notification.swift */; };
		A6BD4F291F7EE9BD00D261D1 /* WebViewController.swift in Sources */ = {isa = PBXBuildFile; fileRef = A6BD4F281F7EE9BD00D261D1 /* WebViewController.swift */; };
		A6BD4F2C1F7EEEB800D261D1 /* dancetrix-body-only.css in Resources */ = {isa = PBXBuildFile; fileRef = A6BD4F2B1F7EEEB800D261D1 /* dancetrix-body-only.css */; };
		A6BD4F2E1F803C8800D261D1 /* PaymentFormViewController.swift in Sources */ = {isa = PBXBuildFile; fileRef = A6BD4F2D1F803C8800D261D1 /* PaymentFormViewController.swift */; };
		A6D23AD71F813B5700229DEC /* MockPaymentService.swift in Sources */ = {isa = PBXBuildFile; fileRef = A6D23AD61F813B5700229DEC /* MockPaymentService.swift */; };
		A6D23AD91F814B4400229DEC /* UniformOrderViewController.swift in Sources */ = {isa = PBXBuildFile; fileRef = A6D23AD81F814B4400229DEC /* UniformOrderViewController.swift */; };
		A6D23ADB1F818A5800229DEC /* SubmitFormViewController.swift in Sources */ = {isa = PBXBuildFile; fileRef = A6D23ADA1F818A5800229DEC /* SubmitFormViewController.swift */; };
		A6D23ADD1F82504500229DEC /* MockUniformService.swift in Sources */ = {isa = PBXBuildFile; fileRef = A6D23ADC1F82504500229DEC /* MockUniformService.swift */; };
		A6D23ADF1F8252D600229DEC /* OrderError.swift in Sources */ = {isa = PBXBuildFile; fileRef = A6D23ADE1F8252D600229DEC /* OrderError.swift */; };
		A6D23AE11F8252EB00229DEC /* PaymentError.swift in Sources */ = {isa = PBXBuildFile; fileRef = A6D23AE01F8252EB00229DEC /* PaymentError.swift */; };
		A6D23AE91F82537D00229DEC /* BookingServiceType.swift in Sources */ = {isa = PBXBuildFile; fileRef = A6D23AE81F82537D00229DEC /* BookingServiceType.swift */; };
		A6D23AEB1F8253DC00229DEC /* ClassServiceType.swift in Sources */ = {isa = PBXBuildFile; fileRef = A6D23AEA1F8253DC00229DEC /* ClassServiceType.swift */; };
		A6D23AED1F8253EE00229DEC /* PaymentServiceType.swift in Sources */ = {isa = PBXBuildFile; fileRef = A6D23AEC1F8253EE00229DEC /* PaymentServiceType.swift */; };
		A6D23AEF1F82540B00229DEC /* UniformServiceType.swift in Sources */ = {isa = PBXBuildFile; fileRef = A6D23AEE1F82540B00229DEC /* UniformServiceType.swift */; };
		A6D23AF11F82544800229DEC /* MockBookingService.swift in Sources */ = {isa = PBXBuildFile; fileRef = A6D23AF01F82544800229DEC /* MockBookingService.swift */; };
		BA099ED52027B33100989ACE /* PhotoConsentViewController.swift in Sources */ = {isa = PBXBuildFile; fileRef = BA099ED42027B33100989ACE /* PhotoConsentViewController.swift */; };
		BA099ED72027C4D700989ACE /* Registration.swift in Sources */ = {isa = PBXBuildFile; fileRef = BA099ED62027C4D700989ACE /* Registration.swift */; };
		BA099ED92027C73700989ACE /* SignatureViewController.swift in Sources */ = {isa = PBXBuildFile; fileRef = BA099ED82027C73700989ACE /* SignatureViewController.swift */; };
		BA34CF9A2034857500ECF925 /* RegistrationServiceType.swift in Sources */ = {isa = PBXBuildFile; fileRef = BA34CF992034857500ECF925 /* RegistrationServiceType.swift */; };
		BA34CF9C2034872800ECF925 /* MockRegistrationService.swift in Sources */ = {isa = PBXBuildFile; fileRef = BA34CF9B2034872800ECF925 /* MockRegistrationService.swift */; };
		BA34CF9E203488F800ECF925 /* EmailRegistrationService.swift in Sources */ = {isa = PBXBuildFile; fileRef = BA34CF9D203488F800ECF925 /* EmailRegistrationService.swift */; };
		BA675572202D05EE00C47BA1 /* SignatureView.swift in Sources */ = {isa = PBXBuildFile; fileRef = BA675571202D05EE00C47BA1 /* SignatureView.swift */; };
		BA9ED53021407CA70042F0BF /* registration_adult_subject.mustache in Resources */ = {isa = PBXBuildFile; fileRef = BA9ED52F21407CA70042F0BF /* registration_adult_subject.mustache */; };
		BA9ED53221407CE80042F0BF /* registration_adult_body_plain.mustache in Resources */ = {isa = PBXBuildFile; fileRef = BA9ED53121407CE80042F0BF /* registration_adult_body_plain.mustache */; };
		BA9ED53421407DAD0042F0BF /* registration_adult_body_html.mustache in Resources */ = {isa = PBXBuildFile; fileRef = BA9ED53321407DAD0042F0BF /* registration_adult_body_html.mustache */; };
		BA9ED53821407E730042F0BF /* registration_child_body_plain.mustache in Resources */ = {isa = PBXBuildFile; fileRef = BA9ED53521407E730042F0BF /* registration_child_body_plain.mustache */; };
		BA9ED53921407E730042F0BF /* registration_child_subject.mustache in Resources */ = {isa = PBXBuildFile; fileRef = BA9ED53621407E730042F0BF /* registration_child_subject.mustache */; };
		BA9ED53A21407E730042F0BF /* registration_child_body_html.mustache in Resources */ = {isa = PBXBuildFile; fileRef = BA9ED53721407E730042F0BF /* registration_child_body_html.mustache */; };
		BAC078B72023CAC500CC9C6D /* RegisterAdultViewController.swift in Sources */ = {isa = PBXBuildFile; fileRef = BAC078B62023CAC500CC9C6D /* RegisterAdultViewController.swift */; };
		BAC078B92023CCAE00CC9C6D /* RegisterChildViewController.swift in Sources */ = {isa = PBXBuildFile; fileRef = BAC078B82023CCAE00CC9C6D /* RegisterChildViewController.swift */; };
		BAE7E77B213A95DA00AFCC06 /* uniforms.csv in Resources */ = {isa = PBXBuildFile; fileRef = BAE7E77A213A95DA00AFCC06 /* uniforms.csv */; };
		BAE7E77D213A977300AFCC06 /* UniformParser.swift in Sources */ = {isa = PBXBuildFile; fileRef = BAE7E77C213A977300AFCC06 /* UniformParser.swift */; };
		BAE7E77E213A9AC600AFCC06 /* UniformParser.swift in Sources */ = {isa = PBXBuildFile; fileRef = BAE7E77C213A977300AFCC06 /* UniformParser.swift */; };
/* End PBXBuildFile section */

/* Begin PBXContainerItemProxy section */
		A688280A1F7560C600D82322 /* PBXContainerItemProxy */ = {
			isa = PBXContainerItemProxy;
			containerPortal = A6BA0F501F74E20C00FAF47E /* Project object */;
			proxyType = 1;
			remoteGlobalIDString = A6BA0F571F74E20C00FAF47E;
			remoteInfo = "Dance Trix";
		};
/* End PBXContainerItemProxy section */

/* Begin PBXFileReference section */
		024EE0214AAF4BA2CEFC5D30 /* Pods-Dance Trix Tests.debug.xcconfig */ = {isa = PBXFileReference; includeInIndex = 1; lastKnownFileType = text.xcconfig; name = "Pods-Dance Trix Tests.debug.xcconfig"; path = "Pods/Target Support Files/Pods-Dance Trix Tests/Pods-Dance Trix Tests.debug.xcconfig"; sourceTree = "<group>"; };
		42F763BA46788E7A70E0443A /* Pods-Dance Trix.release.xcconfig */ = {isa = PBXFileReference; includeInIndex = 1; lastKnownFileType = text.xcconfig; name = "Pods-Dance Trix.release.xcconfig"; path = "Pods/Target Support Files/Pods-Dance Trix/Pods-Dance Trix.release.xcconfig"; sourceTree = "<group>"; };
		7EAFC10EAB243549E5EAA1C6 /* Pods_Dance_Trix_Tests.framework */ = {isa = PBXFileReference; explicitFileType = wrapper.framework; includeInIndex = 0; path = Pods_Dance_Trix_Tests.framework; sourceTree = BUILT_PRODUCTS_DIR; };
		939F18AC94B46B075CEA7EE3 /* Pods-Dance Trix.debug.xcconfig */ = {isa = PBXFileReference; includeInIndex = 1; lastKnownFileType = text.xcconfig; name = "Pods-Dance Trix.debug.xcconfig"; path = "Pods/Target Support Files/Pods-Dance Trix/Pods-Dance Trix.debug.xcconfig"; sourceTree = "<group>"; };
		A2698F042012A5B7005DF277 /* ImportantDatesViewController.swift */ = {isa = PBXFileReference; lastKnownFileType = sourcecode.swift; path = ImportantDatesViewController.swift; sourceTree = "<group>"; };
		A2F11A352013C08D00B1A14D /* dates_important.csv */ = {isa = PBXFileReference; lastKnownFileType = text; path = dates_important.csv; sourceTree = "<group>"; };
		A2F11A372013C18200B1A14D /* ImportantDatesParser.swift */ = {isa = PBXFileReference; lastKnownFileType = sourcecode.swift; path = ImportantDatesParser.swift; sourceTree = "<group>"; };
		A2F11A39201401EB00B1A14D /* PaymentDetailsViewController.swift */ = {isa = PBXFileReference; lastKnownFileType = sourcecode.swift; path = PaymentDetailsViewController.swift; sourceTree = "<group>"; };
		A600265E1F7AACF000DDC90F /* TextField.swift */ = {isa = PBXFileReference; lastKnownFileType = sourcecode.swift; path = TextField.swift; sourceTree = "<group>"; };
		A60026601F7B985300DDC90F /* SubmitBookingViewController.swift */ = {isa = PBXFileReference; lastKnownFileType = sourcecode.swift; path = SubmitBookingViewController.swift; sourceTree = "<group>"; };
		A60026621F7BB4D200DDC90F /* prepare-commit-msg */ = {isa = PBXFileReference; fileEncoding = 4; lastKnownFileType = text.script.sh; path = "prepare-commit-msg"; sourceTree = "<group>"; };
		A608AD4A1FC4322300FE614C /* NotificationName.swift */ = {isa = PBXFileReference; lastKnownFileType = sourcecode.swift; path = NotificationName.swift; sourceTree = "<group>"; };
		A608AD4C1FC45EBD00FE614C /* Dance Trix.entitlements */ = {isa = PBXFileReference; lastKnownFileType = text.plist.entitlements; path = "Dance Trix.entitlements"; sourceTree = "<group>"; };
		A62529291F8BC9FD001E277D /* README.md */ = {isa = PBXFileReference; lastKnownFileType = net.daringfireball.markdown; path = README.md; sourceTree = "<group>"; };
		A627D0761F79A185009097C1 /* ReadOnlyTextView.swift */ = {isa = PBXFileReference; lastKnownFileType = sourcecode.swift; path = ReadOnlyTextView.swift; sourceTree = "<group>"; };
		A627D0781F79A733009097C1 /* BackgroundView.swift */ = {isa = PBXFileReference; lastKnownFileType = sourcecode.swift; path = BackgroundView.swift; sourceTree = "<group>"; };
		A62CA2041F86772A0087D3D0 /* AnalyticsUIViewController.swift */ = {isa = PBXFileReference; lastKnownFileType = sourcecode.swift; path = AnalyticsUIViewController.swift; sourceTree = "<group>"; };
		A632F7891F7505E100F9FD8A /* ClassesViewController.swift */ = {isa = PBXFileReference; lastKnownFileType = sourcecode.swift; path = ClassesViewController.swift; sourceTree = "<group>"; };
		A66EF18A1F863CFB00B8EDFE /* UniformGroup.swift */ = {isa = PBXFileReference; lastKnownFileType = sourcecode.swift; path = UniformGroup.swift; sourceTree = "<group>"; };
		A66EF18C1F863D4300B8EDFE /* UniformItem.swift */ = {isa = PBXFileReference; lastKnownFileType = sourcecode.swift; path = UniformItem.swift; sourceTree = "<group>"; };
		A66EF18E1F8655A000B8EDFE /* Configuration.plist */ = {isa = PBXFileReference; lastKnownFileType = text.plist.xml; path = Configuration.plist; sourceTree = "<group>"; };
		A66EF1901F86647F00B8EDFE /* Preferences.swift */ = {isa = PBXFileReference; lastKnownFileType = sourcecode.swift; path = Preferences.swift; sourceTree = "<group>"; };
		A66EF1921F86678900B8EDFE /* CsvParser.swift */ = {isa = PBXFileReference; lastKnownFileType = sourcecode.swift; path = CsvParser.swift; sourceTree = "<group>"; };
		A68828051F7560C600D82322 /* Dance Trix Tests.xctest */ = {isa = PBXFileReference; explicitFileType = wrapper.cfbundle; includeInIndex = 0; path = "Dance Trix Tests.xctest"; sourceTree = BUILT_PRODUCTS_DIR; };
		A68828071F7560C600D82322 /* UniformParserTest.swift */ = {isa = PBXFileReference; lastKnownFileType = sourcecode.swift; path = UniformParserTest.swift; sourceTree = "<group>"; };
		A68828091F7560C600D82322 /* Info.plist */ = {isa = PBXFileReference; lastKnownFileType = text.plist.xml; path = Info.plist; sourceTree = "<group>"; };
		A68828111F756F0600D82322 /* Theme.swift */ = {isa = PBXFileReference; lastKnownFileType = sourcecode.swift; path = Theme.swift; sourceTree = "<group>"; };
		A68828131F75AB6200D82322 /* ClassMenuParser.swift */ = {isa = PBXFileReference; lastKnownFileType = sourcecode.swift; path = ClassMenuParser.swift; sourceTree = "<group>"; };
		A68828171F76FC7000D82322 /* LinkButton.swift */ = {isa = PBXFileReference; lastKnownFileType = sourcecode.swift; path = LinkButton.swift; sourceTree = "<group>"; };
		A68828191F7706D200D82322 /* TintImageView.swift */ = {isa = PBXFileReference; lastKnownFileType = sourcecode.swift; path = TintImageView.swift; sourceTree = "<group>"; };
		A688281B1F77094600D82322 /* TitleNavigationItem.swift */ = {isa = PBXFileReference; lastKnownFileType = sourcecode.swift; path = TitleNavigationItem.swift; sourceTree = "<group>"; };
		A68828311F783DC300D82322 /* ClassDatesViewController.swift */ = {isa = PBXFileReference; lastKnownFileType = sourcecode.swift; path = ClassDatesViewController.swift; sourceTree = "<group>"; };
		A68828331F78410B00D82322 /* DateInterval_Text.swift */ = {isa = PBXFileReference; lastKnownFileType = sourcecode.swift; path = DateInterval_Text.swift; sourceTree = "<group>"; };
		A68828351F78445200D82322 /* TintSelectTableViewCell.swift */ = {isa = PBXFileReference; lastKnownFileType = sourcecode.swift; path = TintSelectTableViewCell.swift; sourceTree = "<group>"; };
		A68828371F78467900D82322 /* SubmitButton.swift */ = {isa = PBXFileReference; lastKnownFileType = sourcecode.swift; path = SubmitButton.swift; sourceTree = "<group>"; };
		A688283C1F794C1F00D82322 /* set_build_number.sh */ = {isa = PBXFileReference; lastKnownFileType = text.script.sh; path = set_build_number.sh; sourceTree = "<group>"; };
		A697F8651F7C32BF00195246 /* MockClassService.swift */ = {isa = PBXFileReference; lastKnownFileType = sourcecode.swift; path = MockClassService.swift; sourceTree = "<group>"; };
		A697F8671F7C38C600195246 /* ServiceLocator.swift */ = {isa = PBXFileReference; lastKnownFileType = sourcecode.swift; path = ServiceLocator.swift; sourceTree = "<group>"; };
		A697F86B1F7C3AD200195246 /* ClassesError.swift */ = {isa = PBXFileReference; lastKnownFileType = sourcecode.swift; path = ClassesError.swift; sourceTree = "<group>"; };
		A697F86D1F7C3D0E00195246 /* BookingError.swift */ = {isa = PBXFileReference; lastKnownFileType = sourcecode.swift; path = BookingError.swift; sourceTree = "<group>"; };
		A697F8701F7CF0AB00195246 /* CalendarViewController.swift */ = {isa = PBXFileReference; lastKnownFileType = sourcecode.swift; path = CalendarViewController.swift; sourceTree = "<group>"; };
		A697F8721F7D42E000195246 /* CalendarCell.swift */ = {isa = PBXFileReference; lastKnownFileType = sourcecode.swift; path = CalendarCell.swift; sourceTree = "<group>"; };
		A69ED4911F829C710005B845 /* GoogleService-Info.plist */ = {isa = PBXFileReference; fileEncoding = 4; lastKnownFileType = text.plist.xml; path = "GoogleService-Info.plist"; sourceTree = "<group>"; };
		A69ED4951F82DAB80005B845 /* classes.csv */ = {isa = PBXFileReference; lastKnownFileType = text; path = classes.csv; sourceTree = "<group>"; };
		A69ED4971F82DE270005B845 /* ClassDatesParser.swift */ = {isa = PBXFileReference; lastKnownFileType = sourcecode.swift; path = ClassDatesParser.swift; sourceTree = "<group>"; };
		A69ED4991F82DEFE0005B845 /* dates_adults.csv */ = {isa = PBXFileReference; lastKnownFileType = text; path = dates_adults.csv; sourceTree = "<group>"; };
		A69ED49B1F82E2270005B845 /* dates_autumn_half_term_2_2017.csv */ = {isa = PBXFileReference; lastKnownFileType = text; path = dates_autumn_half_term_2_2017.csv; sourceTree = "<group>"; };
		A69ED49D1F82E3490005B845 /* dates_spring_half_term_1_2018.csv */ = {isa = PBXFileReference; fileEncoding = 4; lastKnownFileType = text; path = dates_spring_half_term_1_2018.csv; sourceTree = "<group>"; };
		A69ED49F1F82E3910005B845 /* dates_spring_half_term_2_2018.csv */ = {isa = PBXFileReference; fileEncoding = 4; lastKnownFileType = text; path = dates_spring_half_term_2_2018.csv; sourceTree = "<group>"; };
		A69ED4A11F82E3D00005B845 /* dates_summer_half_term_1_2018.csv */ = {isa = PBXFileReference; fileEncoding = 4; lastKnownFileType = text; path = dates_summer_half_term_1_2018.csv; sourceTree = "<group>"; };
		A69ED4A31F82E4020005B845 /* dates_summer_half_term_2_2018.csv */ = {isa = PBXFileReference; fileEncoding = 4; lastKnownFileType = text; path = dates_summer_half_term_2_2018.csv; sourceTree = "<group>"; };
		A69ED4A51F82E5BD0005B845 /* FirebaseStorageClassService.swift */ = {isa = PBXFileReference; lastKnownFileType = sourcecode.swift; path = FirebaseStorageClassService.swift; sourceTree = "<group>"; };
		A69ED4A71F83BC8C0005B845 /* EmailServiceType.swift */ = {isa = PBXFileReference; lastKnownFileType = sourcecode.swift; path = EmailServiceType.swift; sourceTree = "<group>"; };
		A69ED4A91F83BD6E0005B845 /* MockEmailService.swift */ = {isa = PBXFileReference; lastKnownFileType = sourcecode.swift; path = MockEmailService.swift; sourceTree = "<group>"; };
		A69ED4AB1F83BDCB0005B845 /* MailgunEmailService.swift */ = {isa = PBXFileReference; lastKnownFileType = sourcecode.swift; path = MailgunEmailService.swift; sourceTree = "<group>"; };
		A69ED4B01F83C06A0005B845 /* payment_notify_subject.mustache */ = {isa = PBXFileReference; lastKnownFileType = text; path = payment_notify_subject.mustache; sourceTree = "<group>"; };
		A69ED4B21F83C3650005B845 /* payment_notify_body_html.mustache */ = {isa = PBXFileReference; lastKnownFileType = text; path = payment_notify_body_html.mustache; sourceTree = "<group>"; };
		A69ED4B41F83C3860005B845 /* payment_notify_body_plain.mustache */ = {isa = PBXFileReference; lastKnownFileType = text; path = payment_notify_body_plain.mustache; sourceTree = "<group>"; };
		A69ED4B61F83E79F0005B845 /* EmailPaymentService.swift */ = {isa = PBXFileReference; lastKnownFileType = sourcecode.swift; path = EmailPaymentService.swift; sourceTree = "<group>"; };
		A69ED4BA1F83FDC60005B845 /* EmailBookingService.swift */ = {isa = PBXFileReference; lastKnownFileType = sourcecode.swift; path = EmailBookingService.swift; sourceTree = "<group>"; };
		A69ED4BC1F83FE6A0005B845 /* class_booking_subject.mustache */ = {isa = PBXFileReference; lastKnownFileType = text; path = class_booking_subject.mustache; sourceTree = "<group>"; };
		A69ED4BE1F83FE890005B845 /* class_booking_body_plain.mustache */ = {isa = PBXFileReference; lastKnownFileType = text; path = class_booking_body_plain.mustache; sourceTree = "<group>"; };
		A69ED4C01F83FF330005B845 /* class_booking_body_html.mustache */ = {isa = PBXFileReference; lastKnownFileType = text; path = class_booking_body_html.mustache; sourceTree = "<group>"; };
		A69ED4C21F84D55B0005B845 /* EmailError.swift */ = {isa = PBXFileReference; lastKnownFileType = sourcecode.swift; path = EmailError.swift; sourceTree = "<group>"; };
		A69ED4C41F8528AD0005B845 /* uniform_order_subject.mustache */ = {isa = PBXFileReference; lastKnownFileType = text; path = uniform_order_subject.mustache; sourceTree = "<group>"; };
		A69ED4C61F8528D40005B845 /* uniform_order_body_plain.mustache */ = {isa = PBXFileReference; lastKnownFileType = text; path = uniform_order_body_plain.mustache; sourceTree = "<group>"; };
		A69ED4C81F852A5C0005B845 /* EmailUniformService.swift */ = {isa = PBXFileReference; lastKnownFileType = sourcecode.swift; path = EmailUniformService.swift; sourceTree = "<group>"; };
		A69ED4CA1F852C140005B845 /* uniform_order_body_html.mustache */ = {isa = PBXFileReference; lastKnownFileType = text; path = uniform_order_body_html.mustache; sourceTree = "<group>"; };
		A69ED4CC1F8534810005B845 /* description_lorem_ipsum.txt */ = {isa = PBXFileReference; lastKnownFileType = text; path = description_lorem_ipsum.txt; sourceTree = "<group>"; };
		A69ED4D51F8542580005B845 /* Configuration.swift */ = {isa = PBXFileReference; fileEncoding = 4; lastKnownFileType = sourcecode.swift; path = Configuration.swift; sourceTree = "<group>"; };
		A6BA0F581F74E20C00FAF47E /* Dance Trix.app */ = {isa = PBXFileReference; explicitFileType = wrapper.application; includeInIndex = 0; path = "Dance Trix.app"; sourceTree = BUILT_PRODUCTS_DIR; };
		A6BA0F5B1F74E20C00FAF47E /* AppDelegate.swift */ = {isa = PBXFileReference; lastKnownFileType = sourcecode.swift; path = AppDelegate.swift; sourceTree = "<group>"; };
		A6BA0F5D1F74E20C00FAF47E /* HomeViewController.swift */ = {isa = PBXFileReference; lastKnownFileType = sourcecode.swift; path = HomeViewController.swift; sourceTree = "<group>"; };
		A6BA0F601F74E20C00FAF47E /* Base */ = {isa = PBXFileReference; lastKnownFileType = file.storyboard; name = Base; path = Base.lproj/Main.storyboard; sourceTree = "<group>"; };
		A6BA0F621F74E20C00FAF47E /* Assets.xcassets */ = {isa = PBXFileReference; lastKnownFileType = folder.assetcatalog; path = Assets.xcassets; sourceTree = "<group>"; };
		A6BA0F651F74E20C00FAF47E /* Base */ = {isa = PBXFileReference; lastKnownFileType = file.storyboard; name = Base; path = Base.lproj/LaunchScreen.storyboard; sourceTree = "<group>"; };
		A6BA0F671F74E20C00FAF47E /* Info.plist */ = {isa = PBXFileReference; lastKnownFileType = text.plist.xml; path = Info.plist; sourceTree = "<group>"; };
		A6BA0F701F74FE4C00FAF47E /* ClassMenu.swift */ = {isa = PBXFileReference; lastKnownFileType = sourcecode.swift; path = ClassMenu.swift; sourceTree = "<group>"; };
		A6BA0F721F74FEB800FAF47E /* Class.swift */ = {isa = PBXFileReference; lastKnownFileType = sourcecode.swift; path = Class.swift; sourceTree = "<group>"; };
		A6BD4F261F7E9AB600D261D1 /* Notification.swift */ = {isa = PBXFileReference; lastKnownFileType = sourcecode.swift; path = Notification.swift; sourceTree = "<group>"; };
		A6BD4F281F7EE9BD00D261D1 /* WebViewController.swift */ = {isa = PBXFileReference; lastKnownFileType = sourcecode.swift; path = WebViewController.swift; sourceTree = "<group>"; };
		A6BD4F2B1F7EEEB800D261D1 /* dancetrix-body-only.css */ = {isa = PBXFileReference; lastKnownFileType = text.css; path = "dancetrix-body-only.css"; sourceTree = "<group>"; };
		A6BD4F2D1F803C8800D261D1 /* PaymentFormViewController.swift */ = {isa = PBXFileReference; lastKnownFileType = sourcecode.swift; path = PaymentFormViewController.swift; sourceTree = "<group>"; };
		A6D23AD61F813B5700229DEC /* MockPaymentService.swift */ = {isa = PBXFileReference; lastKnownFileType = sourcecode.swift; path = MockPaymentService.swift; sourceTree = "<group>"; };
		A6D23AD81F814B4400229DEC /* UniformOrderViewController.swift */ = {isa = PBXFileReference; lastKnownFileType = sourcecode.swift; path = UniformOrderViewController.swift; sourceTree = "<group>"; };
		A6D23ADA1F818A5800229DEC /* SubmitFormViewController.swift */ = {isa = PBXFileReference; lastKnownFileType = sourcecode.swift; path = SubmitFormViewController.swift; sourceTree = "<group>"; };
		A6D23ADC1F82504500229DEC /* MockUniformService.swift */ = {isa = PBXFileReference; lastKnownFileType = sourcecode.swift; path = MockUniformService.swift; sourceTree = "<group>"; };
		A6D23ADE1F8252D600229DEC /* OrderError.swift */ = {isa = PBXFileReference; lastKnownFileType = sourcecode.swift; path = OrderError.swift; sourceTree = "<group>"; };
		A6D23AE01F8252EB00229DEC /* PaymentError.swift */ = {isa = PBXFileReference; lastKnownFileType = sourcecode.swift; path = PaymentError.swift; sourceTree = "<group>"; };
		A6D23AE81F82537D00229DEC /* BookingServiceType.swift */ = {isa = PBXFileReference; lastKnownFileType = sourcecode.swift; path = BookingServiceType.swift; sourceTree = "<group>"; };
		A6D23AEA1F8253DC00229DEC /* ClassServiceType.swift */ = {isa = PBXFileReference; lastKnownFileType = sourcecode.swift; path = ClassServiceType.swift; sourceTree = "<group>"; };
		A6D23AEC1F8253EE00229DEC /* PaymentServiceType.swift */ = {isa = PBXFileReference; lastKnownFileType = sourcecode.swift; path = PaymentServiceType.swift; sourceTree = "<group>"; };
		A6D23AEE1F82540B00229DEC /* UniformServiceType.swift */ = {isa = PBXFileReference; lastKnownFileType = sourcecode.swift; path = UniformServiceType.swift; sourceTree = "<group>"; };
		A6D23AF01F82544800229DEC /* MockBookingService.swift */ = {isa = PBXFileReference; fileEncoding = 4; lastKnownFileType = sourcecode.swift; path = MockBookingService.swift; sourceTree = "<group>"; };
		B7A5DCFF387C88D76065DD0C /* Pods-Dance Trix Tests.release.xcconfig */ = {isa = PBXFileReference; includeInIndex = 1; lastKnownFileType = text.xcconfig; name = "Pods-Dance Trix Tests.release.xcconfig"; path = "Pods/Target Support Files/Pods-Dance Trix Tests/Pods-Dance Trix Tests.release.xcconfig"; sourceTree = "<group>"; };
		BA099ED42027B33100989ACE /* PhotoConsentViewController.swift */ = {isa = PBXFileReference; fileEncoding = 4; lastKnownFileType = sourcecode.swift; path = PhotoConsentViewController.swift; sourceTree = "<group>"; };
		BA099ED62027C4D700989ACE /* Registration.swift */ = {isa = PBXFileReference; fileEncoding = 4; lastKnownFileType = sourcecode.swift; path = Registration.swift; sourceTree = "<group>"; };
		BA099ED82027C73700989ACE /* SignatureViewController.swift */ = {isa = PBXFileReference; fileEncoding = 4; lastKnownFileType = sourcecode.swift; path = SignatureViewController.swift; sourceTree = "<group>"; };
		BA34CF95202D0ECA00ECF925 /* OpenGLES.framework */ = {isa = PBXFileReference; lastKnownFileType = wrapper.framework; name = OpenGLES.framework; path = System/Library/Frameworks/OpenGLES.framework; sourceTree = SDKROOT; };
		BA34CF992034857500ECF925 /* RegistrationServiceType.swift */ = {isa = PBXFileReference; fileEncoding = 4; lastKnownFileType = sourcecode.swift; path = RegistrationServiceType.swift; sourceTree = "<group>"; };
		BA34CF9B2034872800ECF925 /* MockRegistrationService.swift */ = {isa = PBXFileReference; fileEncoding = 4; lastKnownFileType = sourcecode.swift; path = MockRegistrationService.swift; sourceTree = "<group>"; };
		BA34CF9D203488F800ECF925 /* EmailRegistrationService.swift */ = {isa = PBXFileReference; lastKnownFileType = sourcecode.swift; path = EmailRegistrationService.swift; sourceTree = "<group>"; };
		BA675571202D05EE00C47BA1 /* SignatureView.swift */ = {isa = PBXFileReference; fileEncoding = 4; lastKnownFileType = sourcecode.swift; path = SignatureView.swift; sourceTree = "<group>"; };
		BA9ED52F21407CA70042F0BF /* registration_adult_subject.mustache */ = {isa = PBXFileReference; fileEncoding = 4; lastKnownFileType = text; path = registration_adult_subject.mustache; sourceTree = "<group>"; };
		BA9ED53121407CE80042F0BF /* registration_adult_body_plain.mustache */ = {isa = PBXFileReference; fileEncoding = 4; lastKnownFileType = text; path = registration_adult_body_plain.mustache; sourceTree = "<group>"; };
		BA9ED53321407DAD0042F0BF /* registration_adult_body_html.mustache */ = {isa = PBXFileReference; fileEncoding = 4; lastKnownFileType = text; path = registration_adult_body_html.mustache; sourceTree = "<group>"; };
		BA9ED53521407E730042F0BF /* registration_child_body_plain.mustache */ = {isa = PBXFileReference; fileEncoding = 4; lastKnownFileType = text; path = registration_child_body_plain.mustache; sourceTree = "<group>"; };
		BA9ED53621407E730042F0BF /* registration_child_subject.mustache */ = {isa = PBXFileReference; fileEncoding = 4; lastKnownFileType = text; path = registration_child_subject.mustache; sourceTree = "<group>"; };
		BA9ED53721407E730042F0BF /* registration_child_body_html.mustache */ = {isa = PBXFileReference; fileEncoding = 4; lastKnownFileType = text; path = registration_child_body_html.mustache; sourceTree = "<group>"; };
		BAC078B62023CAC500CC9C6D /* RegisterAdultViewController.swift */ = {isa = PBXFileReference; fileEncoding = 4; lastKnownFileType = sourcecode.swift; path = RegisterAdultViewController.swift; sourceTree = "<group>"; };
		BAC078B82023CCAE00CC9C6D /* RegisterChildViewController.swift */ = {isa = PBXFileReference; fileEncoding = 4; lastKnownFileType = sourcecode.swift; path = RegisterChildViewController.swift; sourceTree = "<group>"; };
		BAE7E77A213A95DA00AFCC06 /* uniforms.csv */ = {isa = PBXFileReference; fileEncoding = 4; lastKnownFileType = text; path = uniforms.csv; sourceTree = "<group>"; };
		BAE7E77C213A977300AFCC06 /* UniformParser.swift */ = {isa = PBXFileReference; fileEncoding = 4; lastKnownFileType = sourcecode.swift; path = UniformParser.swift; sourceTree = "<group>"; };
		D44E7DF404F88500D9FDE6D8 /* Pods_Dance_Trix.framework */ = {isa = PBXFileReference; explicitFileType = wrapper.framework; includeInIndex = 0; path = Pods_Dance_Trix.framework; sourceTree = BUILT_PRODUCTS_DIR; };
/* End PBXFileReference section */

/* Begin PBXFrameworksBuildPhase section */
		A68828021F7560C600D82322 /* Frameworks */ = {
			isa = PBXFrameworksBuildPhase;
			buildActionMask = 2147483647;
			files = (
				28690BA29C22982BBF91A486 /* Pods_Dance_Trix_Tests.framework in Frameworks */,
			);
			runOnlyForDeploymentPostprocessing = 0;
		};
		A6BA0F551F74E20C00FAF47E /* Frameworks */ = {
			isa = PBXFrameworksBuildPhase;
			buildActionMask = 2147483647;
			files = (
				261C9039DA2C9CDD6CD0E02F /* Pods_Dance_Trix.framework in Frameworks */,
			);
			runOnlyForDeploymentPostprocessing = 0;
		};
/* End PBXFrameworksBuildPhase section */

/* Begin PBXGroup section */
		A08054D158965EBACC42A8E7 /* Frameworks */ = {
			isa = PBXGroup;
			children = (
				BA34CF95202D0ECA00ECF925 /* OpenGLES.framework */,
				D44E7DF404F88500D9FDE6D8 /* Pods_Dance_Trix.framework */,
				7EAFC10EAB243549E5EAA1C6 /* Pods_Dance_Trix_Tests.framework */,
			);
			name = Frameworks;
			sourceTree = "<group>";
		};
		A68828061F7560C600D82322 /* Dance Trix Tests */ = {
			isa = PBXGroup;
			children = (
				A68828071F7560C600D82322 /* UniformParserTest.swift */,
				A68828091F7560C600D82322 /* Info.plist */,
			);
			path = "Dance Trix Tests";
			sourceTree = "<group>";
		};
		A68828161F76FC5500D82322 /* UI */ = {
			isa = PBXGroup;
			children = (
				A688283A1F794A9000D82322 /* Components */,
				A68828391F794A7B00D82322 /* View Controllers */,
				A68828111F756F0600D82322 /* Theme.swift */,
			);
			path = UI;
			sourceTree = "<group>";
		};
		A688281D1F770ECB00D82322 /* Resources */ = {
			isa = PBXGroup;
			children = (
				A69ED4AD1F83C0480005B845 /* Templates */,
				A69ED4941F82DAA30005B845 /* Mock Data */,
				A6BD4F2A1F7EEE9500D261D1 /* CSS */,
				A6BA0F621F74E20C00FAF47E /* Assets.xcassets */,
			);
			path = Resources;
			sourceTree = "<group>";
		};
		A68828391F794A7B00D82322 /* View Controllers */ = {
			isa = PBXGroup;
			children = (
				A62CA2041F86772A0087D3D0 /* AnalyticsUIViewController.swift */,
				A6D23ADA1F818A5800229DEC /* SubmitFormViewController.swift */,
				A6BA0F5D1F74E20C00FAF47E /* HomeViewController.swift */,
				A632F7891F7505E100F9FD8A /* ClassesViewController.swift */,
				A68828311F783DC300D82322 /* ClassDatesViewController.swift */,
				A60026601F7B985300DDC90F /* SubmitBookingViewController.swift */,
				A697F8701F7CF0AB00195246 /* CalendarViewController.swift */,
				A6D23AD81F814B4400229DEC /* UniformOrderViewController.swift */,
				A6BD4F2D1F803C8800D261D1 /* PaymentFormViewController.swift */,
				A6BD4F281F7EE9BD00D261D1 /* WebViewController.swift */,
				A2698F042012A5B7005DF277 /* ImportantDatesViewController.swift */,
				A2F11A39201401EB00B1A14D /* PaymentDetailsViewController.swift */,
				BAC078B62023CAC500CC9C6D /* RegisterAdultViewController.swift */,
				BAC078B82023CCAE00CC9C6D /* RegisterChildViewController.swift */,
				BA099ED42027B33100989ACE /* PhotoConsentViewController.swift */,
				BA099ED82027C73700989ACE /* SignatureViewController.swift */,
			);
			path = "View Controllers";
			sourceTree = "<group>";
		};
		A688283A1F794A9000D82322 /* Components */ = {
			isa = PBXGroup;
			children = (
				A68828171F76FC7000D82322 /* LinkButton.swift */,
				A68828371F78467900D82322 /* SubmitButton.swift */,
				BA675571202D05EE00C47BA1 /* SignatureView.swift */,
				A68828191F7706D200D82322 /* TintImageView.swift */,
				A688281B1F77094600D82322 /* TitleNavigationItem.swift */,
				A68828351F78445200D82322 /* TintSelectTableViewCell.swift */,
				A627D0761F79A185009097C1 /* ReadOnlyTextView.swift */,
				A627D0781F79A733009097C1 /* BackgroundView.swift */,
				A600265E1F7AACF000DDC90F /* TextField.swift */,
				A697F8721F7D42E000195246 /* CalendarCell.swift */,
				A6BD4F261F7E9AB600D261D1 /* Notification.swift */,
			);
			path = Components;
			sourceTree = "<group>";
		};
		A688283B1F794BF700D82322 /* Scripts */ = {
			isa = PBXGroup;
			children = (
				A60026621F7BB4D200DDC90F /* prepare-commit-msg */,
				A688283C1F794C1F00D82322 /* set_build_number.sh */,
			);
			path = Scripts;
			sourceTree = "<group>";
		};
		A697F8641F7C326500195246 /* Services */ = {
			isa = PBXGroup;
			children = (
				A6D23AE51F82531800229DEC /* Errors */,
				A6D23AE21F82530100229DEC /* Protocols */,
				A6D23AE41F82531000229DEC /* Implementations */,
				A6D23AE31F82530600229DEC /* Mocks */,
				A697F8671F7C38C600195246 /* ServiceLocator.swift */,
			);
			path = Services;
			sourceTree = "<group>";
		};
		A69ED4931F82D1540005B845 /* Utilities */ = {
			isa = PBXGroup;
			children = (
				A69ED4D51F8542580005B845 /* Configuration.swift */,
				A66EF1901F86647F00B8EDFE /* Preferences.swift */,
				A68828131F75AB6200D82322 /* ClassMenuParser.swift */,
				A69ED4971F82DE270005B845 /* ClassDatesParser.swift */,
				A2F11A372013C18200B1A14D /* ImportantDatesParser.swift */,
				BAE7E77C213A977300AFCC06 /* UniformParser.swift */,
				A66EF1921F86678900B8EDFE /* CsvParser.swift */,
				A608AD4A1FC4322300FE614C /* NotificationName.swift */,
			);
			path = Utilities;
			sourceTree = "<group>";
		};
		A69ED4941F82DAA30005B845 /* Mock Data */ = {
			isa = PBXGroup;
			children = (
				A69ED4951F82DAB80005B845 /* classes.csv */,
				BAE7E77A213A95DA00AFCC06 /* uniforms.csv */,
				A69ED4991F82DEFE0005B845 /* dates_adults.csv */,
				A69ED49B1F82E2270005B845 /* dates_autumn_half_term_2_2017.csv */,
				A69ED49D1F82E3490005B845 /* dates_spring_half_term_1_2018.csv */,
				A69ED49F1F82E3910005B845 /* dates_spring_half_term_2_2018.csv */,
				A69ED4A11F82E3D00005B845 /* dates_summer_half_term_1_2018.csv */,
				A69ED4A31F82E4020005B845 /* dates_summer_half_term_2_2018.csv */,
				A69ED4CC1F8534810005B845 /* description_lorem_ipsum.txt */,
				A2F11A352013C08D00B1A14D /* dates_important.csv */,
			);
			path = "Mock Data";
			sourceTree = "<group>";
		};
		A69ED4AD1F83C0480005B845 /* Templates */ = {
			isa = PBXGroup;
			children = (
				A69ED4AE1F83C0510005B845 /* Emails */,
			);
			path = Templates;
			sourceTree = "<group>";
		};
		A69ED4AE1F83C0510005B845 /* Emails */ = {
			isa = PBXGroup;
			children = (
				A69ED4B01F83C06A0005B845 /* payment_notify_subject.mustache */,
				A69ED4B41F83C3860005B845 /* payment_notify_body_plain.mustache */,
				A69ED4B21F83C3650005B845 /* payment_notify_body_html.mustache */,
				A69ED4BC1F83FE6A0005B845 /* class_booking_subject.mustache */,
				A69ED4BE1F83FE890005B845 /* class_booking_body_plain.mustache */,
				A69ED4C01F83FF330005B845 /* class_booking_body_html.mustache */,
				A69ED4C41F8528AD0005B845 /* uniform_order_subject.mustache */,
				A69ED4C61F8528D40005B845 /* uniform_order_body_plain.mustache */,
				A69ED4CA1F852C140005B845 /* uniform_order_body_html.mustache */,
				BA9ED52F21407CA70042F0BF /* registration_adult_subject.mustache */,
				BA9ED53121407CE80042F0BF /* registration_adult_body_plain.mustache */,
				BA9ED53321407DAD0042F0BF /* registration_adult_body_html.mustache */,
				BA9ED53621407E730042F0BF /* registration_child_subject.mustache */,
				BA9ED53521407E730042F0BF /* registration_child_body_plain.mustache */,
				BA9ED53721407E730042F0BF /* registration_child_body_html.mustache */,
			);
			path = Emails;
			sourceTree = "<group>";
		};
		A6BA0F4F1F74E20C00FAF47E = {
			isa = PBXGroup;
			children = (
				A62529291F8BC9FD001E277D /* README.md */,
				A688283B1F794BF700D82322 /* Scripts */,
				A6BA0F5A1F74E20C00FAF47E /* Dance Trix */,
				A68828061F7560C600D82322 /* Dance Trix Tests */,
				A6BA0F591F74E20C00FAF47E /* Products */,
				FB2897419A9A66B57376CF5D /* Pods */,
				A08054D158965EBACC42A8E7 /* Frameworks */,
			);
			sourceTree = "<group>";
		};
		A6BA0F591F74E20C00FAF47E /* Products */ = {
			isa = PBXGroup;
			children = (
				A6BA0F581F74E20C00FAF47E /* Dance Trix.app */,
				A68828051F7560C600D82322 /* Dance Trix Tests.xctest */,
			);
			name = Products;
			sourceTree = "<group>";
		};
		A6BA0F5A1F74E20C00FAF47E /* Dance Trix */ = {
			isa = PBXGroup;
			children = (
				A608AD4C1FC45EBD00FE614C /* Dance Trix.entitlements */,
				A6BA0F6D1F74F24600FAF47E /* Domain */,
				A69ED4931F82D1540005B845 /* Utilities */,
				A697F8641F7C326500195246 /* Services */,
				A68828161F76FC5500D82322 /* UI */,
				A688281D1F770ECB00D82322 /* Resources */,
				A6BA0F5B1F74E20C00FAF47E /* AppDelegate.swift */,
				A6BA0F5F1F74E20C00FAF47E /* Main.storyboard */,
				A6BA0F641F74E20C00FAF47E /* LaunchScreen.storyboard */,
				A6BA0F671F74E20C00FAF47E /* Info.plist */,
				A69ED4911F829C710005B845 /* GoogleService-Info.plist */,
				A66EF18E1F8655A000B8EDFE /* Configuration.plist */,
			);
			path = "Dance Trix";
			sourceTree = "<group>";
		};
		A6BA0F6D1F74F24600FAF47E /* Domain */ = {
			isa = PBXGroup;
			children = (
				A6BA0F701F74FE4C00FAF47E /* ClassMenu.swift */,
				A6BA0F721F74FEB800FAF47E /* Class.swift */,
				BA099ED62027C4D700989ACE /* Registration.swift */,
				A68828331F78410B00D82322 /* DateInterval_Text.swift */,
				A66EF18A1F863CFB00B8EDFE /* UniformGroup.swift */,
				A66EF18C1F863D4300B8EDFE /* UniformItem.swift */,
			);
			path = Domain;
			sourceTree = "<group>";
		};
		A6BD4F2A1F7EEE9500D261D1 /* CSS */ = {
			isa = PBXGroup;
			children = (
				A6BD4F2B1F7EEEB800D261D1 /* dancetrix-body-only.css */,
			);
			path = CSS;
			sourceTree = "<group>";
		};
		A6D23AE21F82530100229DEC /* Protocols */ = {
			isa = PBXGroup;
			children = (
				BA34CF992034857500ECF925 /* RegistrationServiceType.swift */,
				A6D23AE81F82537D00229DEC /* BookingServiceType.swift */,
				A6D23AEA1F8253DC00229DEC /* ClassServiceType.swift */,
				A6D23AEC1F8253EE00229DEC /* PaymentServiceType.swift */,
				A6D23AEE1F82540B00229DEC /* UniformServiceType.swift */,
				A69ED4A71F83BC8C0005B845 /* EmailServiceType.swift */,
			);
			path = Protocols;
			sourceTree = "<group>";
		};
		A6D23AE31F82530600229DEC /* Mocks */ = {
			isa = PBXGroup;
			children = (
				BA34CF9B2034872800ECF925 /* MockRegistrationService.swift */,
				A6D23AF01F82544800229DEC /* MockBookingService.swift */,
				A697F8651F7C32BF00195246 /* MockClassService.swift */,
				A6D23AD61F813B5700229DEC /* MockPaymentService.swift */,
				A6D23ADC1F82504500229DEC /* MockUniformService.swift */,
				A69ED4A91F83BD6E0005B845 /* MockEmailService.swift */,
			);
			path = Mocks;
			sourceTree = "<group>";
		};
		A6D23AE41F82531000229DEC /* Implementations */ = {
			isa = PBXGroup;
			children = (
				A69ED4A51F82E5BD0005B845 /* FirebaseStorageClassService.swift */,
				A69ED4AB1F83BDCB0005B845 /* MailgunEmailService.swift */,
				BA34CF9D203488F800ECF925 /* EmailRegistrationService.swift */,
				A69ED4BA1F83FDC60005B845 /* EmailBookingService.swift */,
				A69ED4B61F83E79F0005B845 /* EmailPaymentService.swift */,
				A69ED4C81F852A5C0005B845 /* EmailUniformService.swift */,
			);
			path = Implementations;
			sourceTree = "<group>";
		};
		A6D23AE51F82531800229DEC /* Errors */ = {
			isa = PBXGroup;
			children = (
				A697F86B1F7C3AD200195246 /* ClassesError.swift */,
				A697F86D1F7C3D0E00195246 /* BookingError.swift */,
				A6D23AE01F8252EB00229DEC /* PaymentError.swift */,
				A6D23ADE1F8252D600229DEC /* OrderError.swift */,
				A69ED4C21F84D55B0005B845 /* EmailError.swift */,
			);
			path = Errors;
			sourceTree = "<group>";
		};
		FB2897419A9A66B57376CF5D /* Pods */ = {
			isa = PBXGroup;
			children = (
				939F18AC94B46B075CEA7EE3 /* Pods-Dance Trix.debug.xcconfig */,
				42F763BA46788E7A70E0443A /* Pods-Dance Trix.release.xcconfig */,
				024EE0214AAF4BA2CEFC5D30 /* Pods-Dance Trix Tests.debug.xcconfig */,
				B7A5DCFF387C88D76065DD0C /* Pods-Dance Trix Tests.release.xcconfig */,
			);
			name = Pods;
			sourceTree = "<group>";
		};
/* End PBXGroup section */

/* Begin PBXNativeTarget section */
		A68828041F7560C600D82322 /* Dance Trix Tests */ = {
			isa = PBXNativeTarget;
			buildConfigurationList = A688280E1F7560C600D82322 /* Build configuration list for PBXNativeTarget "Dance Trix Tests" */;
			buildPhases = (
				84D7E19E3CE475573D74824E /* [CP] Check Pods Manifest.lock */,
				A68828011F7560C600D82322 /* Sources */,
				A68828021F7560C600D82322 /* Frameworks */,
				A68828031F7560C600D82322 /* Resources */,
				A2546CA2953DC6B873888C43 /* [CP] Embed Pods Frameworks */,
				0ED64D756F210060A37DC3B8 /* [CP] Copy Pods Resources */,
			);
			buildRules = (
			);
			dependencies = (
				A688280B1F7560C600D82322 /* PBXTargetDependency */,
			);
			name = "Dance Trix Tests";
			productName = "Dance Trix Tests";
			productReference = A68828051F7560C600D82322 /* Dance Trix Tests.xctest */;
			productType = "com.apple.product-type.bundle.unit-test";
		};
		A6BA0F571F74E20C00FAF47E /* Dance Trix */ = {
			isa = PBXNativeTarget;
			buildConfigurationList = A6BA0F6A1F74E20C00FAF47E /* Build configuration list for PBXNativeTarget "Dance Trix" */;
			buildPhases = (
				6673C4FCD9D06052D8F61655 /* [CP] Check Pods Manifest.lock */,
				A6BA0F541F74E20C00FAF47E /* Sources */,
				A6BA0F551F74E20C00FAF47E /* Frameworks */,
				A6BA0F561F74E20C00FAF47E /* Resources */,
				A688283D1F794C4100D82322 /* Set Build Number */,
				9F556218C19EB29526B44CBA /* [CP] Embed Pods Frameworks */,
				81F52B3CDFD8095970FF2D32 /* [CP] Copy Pods Resources */,
				A6BA91DA1F90B2F200AB4E19 /* Fabric Initialization */,
			);
			buildRules = (
			);
			dependencies = (
			);
			name = "Dance Trix";
			productName = "Dance Trix";
			productReference = A6BA0F581F74E20C00FAF47E /* Dance Trix.app */;
			productType = "com.apple.product-type.application";
		};
/* End PBXNativeTarget section */

/* Begin PBXProject section */
		A6BA0F501F74E20C00FAF47E /* Project object */ = {
			isa = PBXProject;
			attributes = {
				LastSwiftUpdateCheck = 0900;
				LastUpgradeCheck = 0930;
				ORGANIZATIONNAME = "Dance Trix";
				TargetAttributes = {
					A68828041F7560C600D82322 = {
						CreatedOnToolsVersion = 9.0;
						ProvisioningStyle = Automatic;
						TestTargetID = A6BA0F571F74E20C00FAF47E;
					};
					A6BA0F571F74E20C00FAF47E = {
						CreatedOnToolsVersion = 9.0;
						ProvisioningStyle = Automatic;
						SystemCapabilities = {
							com.apple.Push = {
								enabled = 1;
							};
						};
					};
				};
			};
			buildConfigurationList = A6BA0F531F74E20C00FAF47E /* Build configuration list for PBXProject "Dance Trix" */;
			compatibilityVersion = "Xcode 8.0";
			developmentRegion = en;
			hasScannedForEncodings = 0;
			knownRegions = (
				en,
				Base,
			);
			mainGroup = A6BA0F4F1F74E20C00FAF47E;
			productRefGroup = A6BA0F591F74E20C00FAF47E /* Products */;
			projectDirPath = "";
			projectRoot = "";
			targets = (
				A6BA0F571F74E20C00FAF47E /* Dance Trix */,
				A68828041F7560C600D82322 /* Dance Trix Tests */,
			);
		};
/* End PBXProject section */

/* Begin PBXResourcesBuildPhase section */
		A68828031F7560C600D82322 /* Resources */ = {
			isa = PBXResourcesBuildPhase;
			buildActionMask = 2147483647;
			files = (
			);
			runOnlyForDeploymentPostprocessing = 0;
		};
		A6BA0F561F74E20C00FAF47E /* Resources */ = {
			isa = PBXResourcesBuildPhase;
			buildActionMask = 2147483647;
			files = (
				A69ED4B51F83C3860005B845 /* payment_notify_body_plain.mustache in Resources */,
				A69ED49C1F82E2270005B845 /* dates_autumn_half_term_2_2017.csv in Resources */,
				A69ED4B31F83C3650005B845 /* payment_notify_body_html.mustache in Resources */,
				A69ED4A41F82E4020005B845 /* dates_summer_half_term_2_2018.csv in Resources */,
				A69ED4B11F83C06A0005B845 /* payment_notify_subject.mustache in Resources */,
				A6BA0F661F74E20C00FAF47E /* LaunchScreen.storyboard in Resources */,
				BA9ED53921407E730042F0BF /* registration_child_subject.mustache in Resources */,
				A69ED4A01F82E3910005B845 /* dates_spring_half_term_2_2018.csv in Resources */,
				A69ED4C11F83FF330005B845 /* class_booking_body_html.mustache in Resources */,
				BA9ED53821407E730042F0BF /* registration_child_body_plain.mustache in Resources */,
				BA9ED53021407CA70042F0BF /* registration_adult_subject.mustache in Resources */,
				BA9ED53421407DAD0042F0BF /* registration_adult_body_html.mustache in Resources */,
				BA9ED53A21407E730042F0BF /* registration_child_body_html.mustache in Resources */,
				A2F11A362013C08D00B1A14D /* dates_important.csv in Resources */,
				A69ED4CD1F8534810005B845 /* description_lorem_ipsum.txt in Resources */,
				A69ED4C51F8528AD0005B845 /* uniform_order_subject.mustache in Resources */,
				A6BA0F631F74E20C00FAF47E /* Assets.xcassets in Resources */,
				A6BD4F2C1F7EEEB800D261D1 /* dancetrix-body-only.css in Resources */,
				A69ED4BF1F83FE890005B845 /* class_booking_body_plain.mustache in Resources */,
				A69ED4A21F82E3D00005B845 /* dates_summer_half_term_1_2018.csv in Resources */,
				A69ED4961F82DAB80005B845 /* classes.csv in Resources */,
				A69ED49E1F82E3490005B845 /* dates_spring_half_term_1_2018.csv in Resources */,
				A69ED4C71F8528D40005B845 /* uniform_order_body_plain.mustache in Resources */,
				A6BA0F611F74E20C00FAF47E /* Main.storyboard in Resources */,
				BAE7E77B213A95DA00AFCC06 /* uniforms.csv in Resources */,
				A69ED49A1F82DEFE0005B845 /* dates_adults.csv in Resources */,
				A69ED4CB1F852C140005B845 /* uniform_order_body_html.mustache in Resources */,
				A60026631F7BB4D200DDC90F /* prepare-commit-msg in Resources */,
				A66EF18F1F8655A000B8EDFE /* Configuration.plist in Resources */,
				A69ED4BD1F83FE6A0005B845 /* class_booking_subject.mustache in Resources */,
				BA9ED53221407CE80042F0BF /* registration_adult_body_plain.mustache in Resources */,
				A69ED4921F829C710005B845 /* GoogleService-Info.plist in Resources */,
			);
			runOnlyForDeploymentPostprocessing = 0;
		};
/* End PBXResourcesBuildPhase section */

/* Begin PBXShellScriptBuildPhase section */
		0ED64D756F210060A37DC3B8 /* [CP] Copy Pods Resources */ = {
			isa = PBXShellScriptBuildPhase;
			buildActionMask = 2147483647;
			files = (
			);
			inputPaths = (
			);
			name = "[CP] Copy Pods Resources";
			outputPaths = (
			);
			runOnlyForDeploymentPostprocessing = 0;
			shellPath = /bin/sh;
			shellScript = "\"${SRCROOT}/Pods/Target Support Files/Pods-Dance Trix Tests/Pods-Dance Trix Tests-resources.sh\"\n";
			showEnvVarsInLog = 0;
		};
		6673C4FCD9D06052D8F61655 /* [CP] Check Pods Manifest.lock */ = {
			isa = PBXShellScriptBuildPhase;
			buildActionMask = 2147483647;
			files = (
			);
			inputPaths = (
				"${PODS_PODFILE_DIR_PATH}/Podfile.lock",
				"${PODS_ROOT}/Manifest.lock",
			);
			name = "[CP] Check Pods Manifest.lock";
			outputPaths = (
				"$(DERIVED_FILE_DIR)/Pods-Dance Trix-checkManifestLockResult.txt",
			);
			runOnlyForDeploymentPostprocessing = 0;
			shellPath = /bin/sh;
			shellScript = "diff \"${PODS_PODFILE_DIR_PATH}/Podfile.lock\" \"${PODS_ROOT}/Manifest.lock\" > /dev/null\nif [ $? != 0 ] ; then\n    # print error to STDERR\n    echo \"error: The sandbox is not in sync with the Podfile.lock. Run 'pod install' or update your CocoaPods installation.\" >&2\n    exit 1\nfi\n# This output is used by Xcode 'outputs' to avoid re-running this script phase.\necho \"SUCCESS\" > \"${SCRIPT_OUTPUT_FILE_0}\"\n";
			showEnvVarsInLog = 0;
		};
		81F52B3CDFD8095970FF2D32 /* [CP] Copy Pods Resources */ = {
			isa = PBXShellScriptBuildPhase;
			buildActionMask = 2147483647;
			files = (
			);
			inputPaths = (
			);
			name = "[CP] Copy Pods Resources";
			outputPaths = (
			);
			runOnlyForDeploymentPostprocessing = 0;
			shellPath = /bin/sh;
			shellScript = "\"${SRCROOT}/Pods/Target Support Files/Pods-Dance Trix/Pods-Dance Trix-resources.sh\"\n";
			showEnvVarsInLog = 0;
		};
		84D7E19E3CE475573D74824E /* [CP] Check Pods Manifest.lock */ = {
			isa = PBXShellScriptBuildPhase;
			buildActionMask = 2147483647;
			files = (
			);
			inputPaths = (
				"${PODS_PODFILE_DIR_PATH}/Podfile.lock",
				"${PODS_ROOT}/Manifest.lock",
			);
			name = "[CP] Check Pods Manifest.lock";
			outputPaths = (
				"$(DERIVED_FILE_DIR)/Pods-Dance Trix Tests-checkManifestLockResult.txt",
			);
			runOnlyForDeploymentPostprocessing = 0;
			shellPath = /bin/sh;
			shellScript = "diff \"${PODS_PODFILE_DIR_PATH}/Podfile.lock\" \"${PODS_ROOT}/Manifest.lock\" > /dev/null\nif [ $? != 0 ] ; then\n    # print error to STDERR\n    echo \"error: The sandbox is not in sync with the Podfile.lock. Run 'pod install' or update your CocoaPods installation.\" >&2\n    exit 1\nfi\n# This output is used by Xcode 'outputs' to avoid re-running this script phase.\necho \"SUCCESS\" > \"${SCRIPT_OUTPUT_FILE_0}\"\n";
			showEnvVarsInLog = 0;
		};
		9F556218C19EB29526B44CBA /* [CP] Embed Pods Frameworks */ = {
			isa = PBXShellScriptBuildPhase;
			buildActionMask = 2147483647;
			files = (
			);
			inputPaths = (
				"${SRCROOT}/Pods/Target Support Files/Pods-Dance Trix/Pods-Dance Trix-frameworks.sh",
				"${BUILT_PRODUCTS_DIR}/Alamofire/Alamofire.framework",
				"${BUILT_PRODUCTS_DIR}/Eureka/Eureka.framework",
				"${BUILT_PRODUCTS_DIR}/GRMustache.swift/Mustache.framework",
				"${BUILT_PRODUCTS_DIR}/GTMSessionFetcher/GTMSessionFetcher.framework",
				"${BUILT_PRODUCTS_DIR}/GoogleToolboxForMac/GoogleToolboxForMac.framework",
				"${BUILT_PRODUCTS_DIR}/HexColors/HexColors.framework",
				"${BUILT_PRODUCTS_DIR}/JTAppleCalendar/JTAppleCalendar.framework",
				"${BUILT_PRODUCTS_DIR}/ObjectMapper/ObjectMapper.framework",
				"${BUILT_PRODUCTS_DIR}/PPTopMostController/PPTopMostController.framework",
				"${BUILT_PRODUCTS_DIR}/Protobuf/Protobuf.framework",
				"${BUILT_PRODUCTS_DIR}/RMessage/RMessage.framework",
				"${BUILT_PRODUCTS_DIR}/ReachabilitySwift/Reachability.framework",
				"${BUILT_PRODUCTS_DIR}/SwiftMailgun/SwiftMailgun.framework",
				"${BUILT_PRODUCTS_DIR}/SwiftSignatureView/SwiftSignatureView.framework",
				"${BUILT_PRODUCTS_DIR}/SwiftyBeaver/SwiftyBeaver.framework",
				"${BUILT_PRODUCTS_DIR}/nanopb/nanopb.framework",
			);
			name = "[CP] Embed Pods Frameworks";
			outputPaths = (
				"${TARGET_BUILD_DIR}/${FRAMEWORKS_FOLDER_PATH}/Alamofire.framework",
				"${TARGET_BUILD_DIR}/${FRAMEWORKS_FOLDER_PATH}/Eureka.framework",
				"${TARGET_BUILD_DIR}/${FRAMEWORKS_FOLDER_PATH}/Mustache.framework",
				"${TARGET_BUILD_DIR}/${FRAMEWORKS_FOLDER_PATH}/GTMSessionFetcher.framework",
				"${TARGET_BUILD_DIR}/${FRAMEWORKS_FOLDER_PATH}/GoogleToolboxForMac.framework",
				"${TARGET_BUILD_DIR}/${FRAMEWORKS_FOLDER_PATH}/HexColors.framework",
				"${TARGET_BUILD_DIR}/${FRAMEWORKS_FOLDER_PATH}/JTAppleCalendar.framework",
				"${TARGET_BUILD_DIR}/${FRAMEWORKS_FOLDER_PATH}/ObjectMapper.framework",
				"${TARGET_BUILD_DIR}/${FRAMEWORKS_FOLDER_PATH}/PPTopMostController.framework",
				"${TARGET_BUILD_DIR}/${FRAMEWORKS_FOLDER_PATH}/Protobuf.framework",
				"${TARGET_BUILD_DIR}/${FRAMEWORKS_FOLDER_PATH}/RMessage.framework",
				"${TARGET_BUILD_DIR}/${FRAMEWORKS_FOLDER_PATH}/Reachability.framework",
				"${TARGET_BUILD_DIR}/${FRAMEWORKS_FOLDER_PATH}/SwiftMailgun.framework",
				"${TARGET_BUILD_DIR}/${FRAMEWORKS_FOLDER_PATH}/SwiftSignatureView.framework",
				"${TARGET_BUILD_DIR}/${FRAMEWORKS_FOLDER_PATH}/SwiftyBeaver.framework",
				"${TARGET_BUILD_DIR}/${FRAMEWORKS_FOLDER_PATH}/nanopb.framework",
			);
			runOnlyForDeploymentPostprocessing = 0;
			shellPath = /bin/sh;
			shellScript = "\"${SRCROOT}/Pods/Target Support Files/Pods-Dance Trix/Pods-Dance Trix-frameworks.sh\"\n";
			showEnvVarsInLog = 0;
		};
		A2546CA2953DC6B873888C43 /* [CP] Embed Pods Frameworks */ = {
			isa = PBXShellScriptBuildPhase;
			buildActionMask = 2147483647;
			files = (
			);
			inputPaths = (
			);
			name = "[CP] Embed Pods Frameworks";
			outputPaths = (
			);
			runOnlyForDeploymentPostprocessing = 0;
			shellPath = /bin/sh;
			shellScript = "\"${SRCROOT}/Pods/Target Support Files/Pods-Dance Trix Tests/Pods-Dance Trix Tests-frameworks.sh\"\n";
			showEnvVarsInLog = 0;
		};
		A688283D1F794C4100D82322 /* Set Build Number */ = {
			isa = PBXShellScriptBuildPhase;
			buildActionMask = 2147483647;
			files = (
			);
			inputPaths = (
			);
			name = "Set Build Number";
			outputPaths = (
			);
			runOnlyForDeploymentPostprocessing = 0;
			shellPath = /bin/sh;
			shellScript = "$SRCROOT/Scripts/set_build_number.sh\n\nif [ -d \"$SRCROOT/.git\" ]; then\n  mkdir -p $SRCROOT/.git/hooks\n  cp $SRCROOT/Scripts/prepare-commit-msg $SRCROOT/.git/hooks/prepare-commit-msg\nfi";
		};
		A6BA91DA1F90B2F200AB4E19 /* Fabric Initialization */ = {
			isa = PBXShellScriptBuildPhase;
			buildActionMask = 2147483647;
			files = (
			);
			inputPaths = (
			);
			name = "Fabric Initialization";
			outputPaths = (
			);
			runOnlyForDeploymentPostprocessing = 0;
			shellPath = /bin/sh;
			shellScript = "\"${PODS_ROOT}/Fabric/run\" 1afcdbced5cafaf41c2ad59315996759c75d98d1 8c6f51ce36809b5bba45c2d6c91ce56278d68889750e8a5dd2b9c6f781e585f0";
		};
/* End PBXShellScriptBuildPhase section */

/* Begin PBXSourcesBuildPhase section */
		A68828011F7560C600D82322 /* Sources */ = {
			isa = PBXSourcesBuildPhase;
			buildActionMask = 2147483647;
			files = (
				A68828151F75ADD100D82322 /* ClassMenuParser.swift in Sources */,
				A68828101F75627F00D82322 /* Class.swift in Sources */,
				A688280F1F75626300D82322 /* ClassMenu.swift in Sources */,
				BAE7E77E213A9AC600AFCC06 /* UniformParser.swift in Sources */,
				A62CA2091F8683950087D3D0 /* CsvParser.swift in Sources */,
				A62CA2071F86830A0087D3D0 /* UniformItem.swift in Sources */,
				A68828081F7560C600D82322 /* UniformParserTest.swift in Sources */,
				A62CA2081F8683920087D3D0 /* ClassDatesParser.swift in Sources */,
				A62CA2061F8683070087D3D0 /* UniformGroup.swift in Sources */,
			);
			runOnlyForDeploymentPostprocessing = 0;
		};
		A6BA0F541F74E20C00FAF47E /* Sources */ = {
			isa = PBXSourcesBuildPhase;
			buildActionMask = 2147483647;
			files = (
				BA099ED52027B33100989ACE /* PhotoConsentViewController.swift in Sources */,
				A697F8711F7CF0AB00195246 /* CalendarViewController.swift in Sources */,
				A2F11A382013C18200B1A14D /* ImportantDatesParser.swift in Sources */,
				A6BD4F291F7EE9BD00D261D1 /* WebViewController.swift in Sources */,
				A697F86E1F7C3D0E00195246 /* BookingError.swift in Sources */,
				A66EF18D1F863D4300B8EDFE /* UniformItem.swift in Sources */,
				A60026611F7B985300DDC90F /* SubmitBookingViewController.swift in Sources */,
				A69ED4A81F83BC8C0005B845 /* EmailServiceType.swift in Sources */,
				A627D0771F79A185009097C1 /* ReadOnlyTextView.swift in Sources */,
				A69ED4D61F8542580005B845 /* Configuration.swift in Sources */,
				A6D23AD71F813B5700229DEC /* MockPaymentService.swift in Sources */,
				A697F8731F7D42E000195246 /* CalendarCell.swift in Sources */,
				A6D23ADB1F818A5800229DEC /* SubmitFormViewController.swift in Sources */,
				A6D23AED1F8253EE00229DEC /* PaymentServiceType.swift in Sources */,
				A6BA0F731F74FEB800FAF47E /* Class.swift in Sources */,
				A6D23AEF1F82540B00229DEC /* UniformServiceType.swift in Sources */,
				A6BA0F5E1F74E20C00FAF47E /* HomeViewController.swift in Sources */,
				A69ED4AC1F83BDCB0005B845 /* MailgunEmailService.swift in Sources */,
				A68828361F78445200D82322 /* TintSelectTableViewCell.swift in Sources */,
				A688281A1F7706D200D82322 /* TintImageView.swift in Sources */,
				A69ED4BB1F83FDC60005B845 /* EmailBookingService.swift in Sources */,
				A632F78A1F7505E100F9FD8A /* ClassesViewController.swift in Sources */,
				A608AD4B1FC4322300FE614C /* NotificationName.swift in Sources */,
				A600265F1F7AACF000DDC90F /* TextField.swift in Sources */,
				A68828141F75AB6200D82322 /* ClassMenuParser.swift in Sources */,
				A68828341F78410B00D82322 /* DateInterval_Text.swift in Sources */,
				A2F11A3A201401EB00B1A14D /* PaymentDetailsViewController.swift in Sources */,
				A66EF1911F86647F00B8EDFE /* Preferences.swift in Sources */,
				A697F8661F7C32BF00195246 /* MockClassService.swift in Sources */,
				BAC078B72023CAC500CC9C6D /* RegisterAdultViewController.swift in Sources */,
				A69ED4C31F84D55B0005B845 /* EmailError.swift in Sources */,
				A68828321F783DC300D82322 /* ClassDatesViewController.swift in Sources */,
				A697F86C1F7C3AD200195246 /* ClassesError.swift in Sources */,
				A68828121F756F0600D82322 /* Theme.swift in Sources */,
				A6BD4F2E1F803C8800D261D1 /* PaymentFormViewController.swift in Sources */,
				A6D23AF11F82544800229DEC /* MockBookingService.swift in Sources */,
				BA34CF9C2034872800ECF925 /* MockRegistrationService.swift in Sources */,
				A66EF1931F86678900B8EDFE /* CsvParser.swift in Sources */,
				BA675572202D05EE00C47BA1 /* SignatureView.swift in Sources */,
				BA34CF9A2034857500ECF925 /* RegistrationServiceType.swift in Sources */,
				A627D0791F79A733009097C1 /* BackgroundView.swift in Sources */,
				A62CA2051F86772A0087D3D0 /* AnalyticsUIViewController.swift in Sources */,
				A6D23AE91F82537D00229DEC /* BookingServiceType.swift in Sources */,
				A6D23AE11F8252EB00229DEC /* PaymentError.swift in Sources */,
				A69ED4A61F82E5BD0005B845 /* FirebaseStorageClassService.swift in Sources */,
				A6BA0F711F74FE4C00FAF47E /* ClassMenu.swift in Sources */,
				A66EF18B1F863CFB00B8EDFE /* UniformGroup.swift in Sources */,
				A2698F052012A5B7005DF277 /* ImportantDatesViewController.swift in Sources */,
				BA099ED92027C73700989ACE /* SignatureViewController.swift in Sources */,
				BAC078B92023CCAE00CC9C6D /* RegisterChildViewController.swift in Sources */,
				A69ED4AA1F83BD6E0005B845 /* MockEmailService.swift in Sources */,
				A6BD4F271F7E9AB600D261D1 /* Notification.swift in Sources */,
				A688281C1F77094600D82322 /* TitleNavigationItem.swift in Sources */,
				BA099ED72027C4D700989ACE /* Registration.swift in Sources */,
				A6D23ADD1F82504500229DEC /* MockUniformService.swift in Sources */,
				A697F8681F7C38C600195246 /* ServiceLocator.swift in Sources */,
				A69ED4C91F852A5C0005B845 /* EmailUniformService.swift in Sources */,
				BA34CF9E203488F800ECF925 /* EmailRegistrationService.swift in Sources */,
				A68828381F78467900D82322 /* SubmitButton.swift in Sources */,
				A6D23ADF1F8252D600229DEC /* OrderError.swift in Sources */,
				A69ED4981F82DE270005B845 /* ClassDatesParser.swift in Sources */,
				A69ED4B71F83E79F0005B845 /* EmailPaymentService.swift in Sources */,
				A6D23AD91F814B4400229DEC /* UniformOrderViewController.swift in Sources */,
				A6BA0F5C1F74E20C00FAF47E /* AppDelegate.swift in Sources */,
				BAE7E77D213A977300AFCC06 /* UniformParser.swift in Sources */,
				A6D23AEB1F8253DC00229DEC /* ClassServiceType.swift in Sources */,
				A68828181F76FC7000D82322 /* LinkButton.swift in Sources */,
			);
			runOnlyForDeploymentPostprocessing = 0;
		};
/* End PBXSourcesBuildPhase section */

/* Begin PBXTargetDependency section */
		A688280B1F7560C600D82322 /* PBXTargetDependency */ = {
			isa = PBXTargetDependency;
			target = A6BA0F571F74E20C00FAF47E /* Dance Trix */;
			targetProxy = A688280A1F7560C600D82322 /* PBXContainerItemProxy */;
		};
/* End PBXTargetDependency section */

/* Begin PBXVariantGroup section */
		A6BA0F5F1F74E20C00FAF47E /* Main.storyboard */ = {
			isa = PBXVariantGroup;
			children = (
				A6BA0F601F74E20C00FAF47E /* Base */,
			);
			name = Main.storyboard;
			sourceTree = "<group>";
		};
		A6BA0F641F74E20C00FAF47E /* LaunchScreen.storyboard */ = {
			isa = PBXVariantGroup;
			children = (
				A6BA0F651F74E20C00FAF47E /* Base */,
			);
			name = LaunchScreen.storyboard;
			sourceTree = "<group>";
		};
/* End PBXVariantGroup section */

/* Begin XCBuildConfiguration section */
		A688280C1F7560C600D82322 /* Debug */ = {
			isa = XCBuildConfiguration;
			baseConfigurationReference = 024EE0214AAF4BA2CEFC5D30 /* Pods-Dance Trix Tests.debug.xcconfig */;
			buildSettings = {
				BUNDLE_LOADER = "$(TEST_HOST)";
				CODE_SIGN_STYLE = Automatic;
				INFOPLIST_FILE = "Dance Trix Tests/Info.plist";
				LD_RUNPATH_SEARCH_PATHS = "$(inherited) @executable_path/Frameworks @loader_path/Frameworks";
				PRODUCT_BUNDLE_IDENTIFIER = "uk.co.dancetrix.Dance-Trix-Tests";
				PRODUCT_NAME = "$(TARGET_NAME)";
				SWIFT_VERSION = 4.0;
				TARGETED_DEVICE_FAMILY = "1,2";
				TEST_HOST = "$(BUILT_PRODUCTS_DIR)/Dance Trix.app/Dance Trix";
			};
			name = Debug;
		};
		A688280D1F7560C600D82322 /* Release */ = {
			isa = XCBuildConfiguration;
			baseConfigurationReference = B7A5DCFF387C88D76065DD0C /* Pods-Dance Trix Tests.release.xcconfig */;
			buildSettings = {
				BUNDLE_LOADER = "$(TEST_HOST)";
				CODE_SIGN_STYLE = Automatic;
				INFOPLIST_FILE = "Dance Trix Tests/Info.plist";
				LD_RUNPATH_SEARCH_PATHS = "$(inherited) @executable_path/Frameworks @loader_path/Frameworks";
				PRODUCT_BUNDLE_IDENTIFIER = "uk.co.dancetrix.Dance-Trix-Tests";
				PRODUCT_NAME = "$(TARGET_NAME)";
				SWIFT_VERSION = 4.0;
				TARGETED_DEVICE_FAMILY = "1,2";
				TEST_HOST = "$(BUILT_PRODUCTS_DIR)/Dance Trix.app/Dance Trix";
			};
			name = Release;
		};
		A6BA0F681F74E20C00FAF47E /* Debug */ = {
			isa = XCBuildConfiguration;
			buildSettings = {
				ALWAYS_SEARCH_USER_PATHS = NO;
				CLANG_ANALYZER_NONNULL = YES;
				CLANG_ANALYZER_NUMBER_OBJECT_CONVERSION = YES_AGGRESSIVE;
				CLANG_CXX_LANGUAGE_STANDARD = "gnu++14";
				CLANG_CXX_LIBRARY = "libc++";
				CLANG_ENABLE_MODULES = YES;
				CLANG_ENABLE_OBJC_ARC = YES;
				CLANG_WARN_BLOCK_CAPTURE_AUTORELEASING = YES;
				CLANG_WARN_BOOL_CONVERSION = YES;
				CLANG_WARN_COMMA = YES;
				CLANG_WARN_CONSTANT_CONVERSION = YES;
				CLANG_WARN_DEPRECATED_OBJC_IMPLEMENTATIONS = YES;
				CLANG_WARN_DIRECT_OBJC_ISA_USAGE = YES_ERROR;
				CLANG_WARN_DOCUMENTATION_COMMENTS = YES;
				CLANG_WARN_EMPTY_BODY = YES;
				CLANG_WARN_ENUM_CONVERSION = YES;
				CLANG_WARN_INFINITE_RECURSION = YES;
				CLANG_WARN_INT_CONVERSION = YES;
				CLANG_WARN_NON_LITERAL_NULL_CONVERSION = YES;
				CLANG_WARN_OBJC_IMPLICIT_RETAIN_SELF = YES;
				CLANG_WARN_OBJC_LITERAL_CONVERSION = YES;
				CLANG_WARN_OBJC_ROOT_CLASS = YES_ERROR;
				CLANG_WARN_RANGE_LOOP_ANALYSIS = YES;
				CLANG_WARN_STRICT_PROTOTYPES = YES;
				CLANG_WARN_SUSPICIOUS_MOVE = YES;
				CLANG_WARN_UNGUARDED_AVAILABILITY = YES_AGGRESSIVE;
				CLANG_WARN_UNREACHABLE_CODE = YES;
				CLANG_WARN__DUPLICATE_METHOD_MATCH = YES;
				CODE_SIGN_IDENTITY = "iPhone Developer";
				COPY_PHASE_STRIP = NO;
				DEBUG_INFORMATION_FORMAT = dwarf;
				ENABLE_STRICT_OBJC_MSGSEND = YES;
				ENABLE_TESTABILITY = YES;
				GCC_C_LANGUAGE_STANDARD = gnu11;
				GCC_DYNAMIC_NO_PIC = NO;
				GCC_NO_COMMON_BLOCKS = YES;
				GCC_OPTIMIZATION_LEVEL = 0;
				GCC_PREPROCESSOR_DEFINITIONS = (
					"DEBUG=1",
					"$(inherited)",
				);
				GCC_WARN_64_TO_32_BIT_CONVERSION = YES;
				GCC_WARN_ABOUT_RETURN_TYPE = YES_ERROR;
				GCC_WARN_UNDECLARED_SELECTOR = YES;
				GCC_WARN_UNINITIALIZED_AUTOS = YES_AGGRESSIVE;
				GCC_WARN_UNUSED_FUNCTION = YES;
				GCC_WARN_UNUSED_VARIABLE = YES;
				IPHONEOS_DEPLOYMENT_TARGET = 11.0;
				MTL_ENABLE_DEBUG_INFO = YES;
				ONLY_ACTIVE_ARCH = YES;
				SDKROOT = iphoneos;
				SWIFT_ACTIVE_COMPILATION_CONDITIONS = DEBUG;
				SWIFT_OPTIMIZATION_LEVEL = "-Onone";
			};
			name = Debug;
		};
		A6BA0F691F74E20C00FAF47E /* Release */ = {
			isa = XCBuildConfiguration;
			buildSettings = {
				ALWAYS_SEARCH_USER_PATHS = NO;
				CLANG_ANALYZER_NONNULL = YES;
				CLANG_ANALYZER_NUMBER_OBJECT_CONVERSION = YES_AGGRESSIVE;
				CLANG_CXX_LANGUAGE_STANDARD = "gnu++14";
				CLANG_CXX_LIBRARY = "libc++";
				CLANG_ENABLE_MODULES = YES;
				CLANG_ENABLE_OBJC_ARC = YES;
				CLANG_WARN_BLOCK_CAPTURE_AUTORELEASING = YES;
				CLANG_WARN_BOOL_CONVERSION = YES;
				CLANG_WARN_COMMA = YES;
				CLANG_WARN_CONSTANT_CONVERSION = YES;
				CLANG_WARN_DEPRECATED_OBJC_IMPLEMENTATIONS = YES;
				CLANG_WARN_DIRECT_OBJC_ISA_USAGE = YES_ERROR;
				CLANG_WARN_DOCUMENTATION_COMMENTS = YES;
				CLANG_WARN_EMPTY_BODY = YES;
				CLANG_WARN_ENUM_CONVERSION = YES;
				CLANG_WARN_INFINITE_RECURSION = YES;
				CLANG_WARN_INT_CONVERSION = YES;
				CLANG_WARN_NON_LITERAL_NULL_CONVERSION = YES;
				CLANG_WARN_OBJC_IMPLICIT_RETAIN_SELF = YES;
				CLANG_WARN_OBJC_LITERAL_CONVERSION = YES;
				CLANG_WARN_OBJC_ROOT_CLASS = YES_ERROR;
				CLANG_WARN_RANGE_LOOP_ANALYSIS = YES;
				CLANG_WARN_STRICT_PROTOTYPES = YES;
				CLANG_WARN_SUSPICIOUS_MOVE = YES;
				CLANG_WARN_UNGUARDED_AVAILABILITY = YES_AGGRESSIVE;
				CLANG_WARN_UNREACHABLE_CODE = YES;
				CLANG_WARN__DUPLICATE_METHOD_MATCH = YES;
				CODE_SIGN_IDENTITY = "iPhone Developer";
				COPY_PHASE_STRIP = NO;
				DEBUG_INFORMATION_FORMAT = "dwarf-with-dsym";
				ENABLE_NS_ASSERTIONS = NO;
				ENABLE_STRICT_OBJC_MSGSEND = YES;
				GCC_C_LANGUAGE_STANDARD = gnu11;
				GCC_NO_COMMON_BLOCKS = YES;
				GCC_WARN_64_TO_32_BIT_CONVERSION = YES;
				GCC_WARN_ABOUT_RETURN_TYPE = YES_ERROR;
				GCC_WARN_UNDECLARED_SELECTOR = YES;
				GCC_WARN_UNINITIALIZED_AUTOS = YES_AGGRESSIVE;
				GCC_WARN_UNUSED_FUNCTION = YES;
				GCC_WARN_UNUSED_VARIABLE = YES;
				IPHONEOS_DEPLOYMENT_TARGET = 11.0;
				MTL_ENABLE_DEBUG_INFO = NO;
				SDKROOT = iphoneos;
				SWIFT_OPTIMIZATION_LEVEL = "-Owholemodule";
				VALIDATE_PRODUCT = YES;
			};
			name = Release;
		};
		A6BA0F6B1F74E20C00FAF47E /* Debug */ = {
			isa = XCBuildConfiguration;
			baseConfigurationReference = 939F18AC94B46B075CEA7EE3 /* Pods-Dance Trix.debug.xcconfig */;
			buildSettings = {
				ASSETCATALOG_COMPILER_APPICON_NAME = AppIcon;
				CODE_SIGN_ENTITLEMENTS = "Dance Trix/Dance Trix.entitlements";
				CODE_SIGN_STYLE = Automatic;
				DEBUG_INFORMATION_FORMAT = "dwarf-with-dsym";
				DEVELOPMENT_TEAM = RVU65B9MFV;
				INFOPLIST_FILE = "Dance Trix/Info.plist";
				IPHONEOS_DEPLOYMENT_TARGET = 10.0;
				LD_RUNPATH_SEARCH_PATHS = "$(inherited) @executable_path/Frameworks";
				PRODUCT_BUNDLE_IDENTIFIER = uk.co.dancetrix;
				PRODUCT_NAME = "$(TARGET_NAME)";
				SWIFT_VERSION = 4.0;
				TARGETED_DEVICE_FAMILY = 1;
			};
			name = Debug;
		};
		A6BA0F6C1F74E20C00FAF47E /* Release */ = {
			isa = XCBuildConfiguration;
			baseConfigurationReference = 42F763BA46788E7A70E0443A /* Pods-Dance Trix.release.xcconfig */;
			buildSettings = {
				ASSETCATALOG_COMPILER_APPICON_NAME = AppIcon;
				CODE_SIGN_ENTITLEMENTS = "Dance Trix/Dance Trix.entitlements";
				CODE_SIGN_STYLE = Automatic;
				DEBUG_INFORMATION_FORMAT = "dwarf-with-dsym";
				DEVELOPMENT_TEAM = RVU65B9MFV;
				INFOPLIST_FILE = "Dance Trix/Info.plist";
				IPHONEOS_DEPLOYMENT_TARGET = 10.0;
				LD_RUNPATH_SEARCH_PATHS = "$(inherited) @executable_path/Frameworks";
				PRODUCT_BUNDLE_IDENTIFIER = uk.co.dancetrix;
				PRODUCT_NAME = "$(TARGET_NAME)";
				SWIFT_VERSION = 4.0;
				TARGETED_DEVICE_FAMILY = 1;
			};
			name = Release;
		};
/* End XCBuildConfiguration section */

/* Begin XCConfigurationList section */
		A688280E1F7560C600D82322 /* Build configuration list for PBXNativeTarget "Dance Trix Tests" */ = {
			isa = XCConfigurationList;
			buildConfigurations = (
				A688280C1F7560C600D82322 /* Debug */,
				A688280D1F7560C600D82322 /* Release */,
			);
			defaultConfigurationIsVisible = 0;
			defaultConfigurationName = Release;
		};
		A6BA0F531F74E20C00FAF47E /* Build configuration list for PBXProject "Dance Trix" */ = {
			isa = XCConfigurationList;
			buildConfigurations = (
				A6BA0F681F74E20C00FAF47E /* Debug */,
				A6BA0F691F74E20C00FAF47E /* Release */,
			);
			defaultConfigurationIsVisible = 0;
			defaultConfigurationName = Release;
		};
		A6BA0F6A1F74E20C00FAF47E /* Build configuration list for PBXNativeTarget "Dance Trix" */ = {
			isa = XCConfigurationList;
			buildConfigurations = (
				A6BA0F6B1F74E20C00FAF47E /* Debug */,
				A6BA0F6C1F74E20C00FAF47E /* Release */,
			);
			defaultConfigurationIsVisible = 0;
			defaultConfigurationName = Release;
		};
/* End XCConfigurationList section */
	};
	rootObject = A6BA0F501F74E20C00FAF47E /* Project object */;
}
