// !$*UTF8*$!
{
	archiveVersion = 1;
	classes = {
	};
	objectVersion = 48;
	objects = {

/* Begin PBXBuildFile section */
		A632F78A1F7505E100F9FD8A /* ClassesViewController.swift in Sources */ = {isa = PBXBuildFile; fileRef = A632F7891F7505E100F9FD8A /* ClassesViewController.swift */; };
		A68828081F7560C600D82322 /* Dance_Trix_Tests.swift in Sources */ = {isa = PBXBuildFile; fileRef = A68828071F7560C600D82322 /* Dance_Trix_Tests.swift */; };
		A688280F1F75626300D82322 /* ClassMenu.swift in Sources */ = {isa = PBXBuildFile; fileRef = A6BA0F701F74FE4C00FAF47E /* ClassMenu.swift */; };
		A68828101F75627F00D82322 /* Class.swift in Sources */ = {isa = PBXBuildFile; fileRef = A6BA0F721F74FEB800FAF47E /* Class.swift */; };
		A68828121F756F0600D82322 /* Theme.swift in Sources */ = {isa = PBXBuildFile; fileRef = A68828111F756F0600D82322 /* Theme.swift */; };
		A68828141F75AB6200D82322 /* ClassMenuParser.swift in Sources */ = {isa = PBXBuildFile; fileRef = A68828131F75AB6200D82322 /* ClassMenuParser.swift */; };
		A68828151F75ADD100D82322 /* ClassMenuParser.swift in Sources */ = {isa = PBXBuildFile; fileRef = A68828131F75AB6200D82322 /* ClassMenuParser.swift */; };
		A68828181F76FC7000D82322 /* LinkButton.swift in Sources */ = {isa = PBXBuildFile; fileRef = A68828171F76FC7000D82322 /* LinkButton.swift */; };
		A688281A1F7706D200D82322 /* TintImageView.swift in Sources */ = {isa = PBXBuildFile; fileRef = A68828191F7706D200D82322 /* TintImageView.swift */; };
		A688281C1F77094600D82322 /* TitleNavigationItem.swift in Sources */ = {isa = PBXBuildFile; fileRef = A688281B1F77094600D82322 /* TitleNavigationItem.swift */; };
		A6BA0F5C1F74E20C00FAF47E /* AppDelegate.swift in Sources */ = {isa = PBXBuildFile; fileRef = A6BA0F5B1F74E20C00FAF47E /* AppDelegate.swift */; };
		A6BA0F5E1F74E20C00FAF47E /* HomeViewController.swift in Sources */ = {isa = PBXBuildFile; fileRef = A6BA0F5D1F74E20C00FAF47E /* HomeViewController.swift */; };
		A6BA0F611F74E20C00FAF47E /* Main.storyboard in Resources */ = {isa = PBXBuildFile; fileRef = A6BA0F5F1F74E20C00FAF47E /* Main.storyboard */; };
		A6BA0F631F74E20C00FAF47E /* Assets.xcassets in Resources */ = {isa = PBXBuildFile; fileRef = A6BA0F621F74E20C00FAF47E /* Assets.xcassets */; };
		A6BA0F661F74E20C00FAF47E /* LaunchScreen.storyboard in Resources */ = {isa = PBXBuildFile; fileRef = A6BA0F641F74E20C00FAF47E /* LaunchScreen.storyboard */; };
		A6BA0F711F74FE4C00FAF47E /* ClassMenu.swift in Sources */ = {isa = PBXBuildFile; fileRef = A6BA0F701F74FE4C00FAF47E /* ClassMenu.swift */; };
		A6BA0F731F74FEB800FAF47E /* Class.swift in Sources */ = {isa = PBXBuildFile; fileRef = A6BA0F721F74FEB800FAF47E /* Class.swift */; };
/* End PBXBuildFile section */

/* Begin PBXContainerItemProxy section */
		A688280A1F7560C600D82322 /* PBXContainerItemProxy */ = {
			isa = PBXContainerItemProxy;
			containerPortal = A6BA0F501F74E20C00FAF47E /* Project object */;
			proxyType = 1;
			remoteGlobalIDString = A6BA0F571F74E20C00FAF47E;
			remoteInfo = "Dance Trix";
		};
/* End PBXContainerItemProxy section */

/* Begin PBXFileReference section */
		A632F7891F7505E100F9FD8A /* ClassesViewController.swift */ = {isa = PBXFileReference; lastKnownFileType = sourcecode.swift; path = ClassesViewController.swift; sourceTree = "<group>"; };
		A68828051F7560C600D82322 /* Dance Trix Tests.xctest */ = {isa = PBXFileReference; explicitFileType = wrapper.cfbundle; includeInIndex = 0; path = "Dance Trix Tests.xctest"; sourceTree = BUILT_PRODUCTS_DIR; };
		A68828071F7560C600D82322 /* Dance_Trix_Tests.swift */ = {isa = PBXFileReference; lastKnownFileType = sourcecode.swift; path = Dance_Trix_Tests.swift; sourceTree = "<group>"; };
		A68828091F7560C600D82322 /* Info.plist */ = {isa = PBXFileReference; lastKnownFileType = text.plist.xml; path = Info.plist; sourceTree = "<group>"; };
		A68828111F756F0600D82322 /* Theme.swift */ = {isa = PBXFileReference; lastKnownFileType = sourcecode.swift; path = Theme.swift; sourceTree = "<group>"; };
		A68828131F75AB6200D82322 /* ClassMenuParser.swift */ = {isa = PBXFileReference; lastKnownFileType = sourcecode.swift; path = ClassMenuParser.swift; sourceTree = "<group>"; };
		A68828171F76FC7000D82322 /* LinkButton.swift */ = {isa = PBXFileReference; lastKnownFileType = sourcecode.swift; path = LinkButton.swift; sourceTree = "<group>"; };
		A68828191F7706D200D82322 /* TintImageView.swift */ = {isa = PBXFileReference; lastKnownFileType = sourcecode.swift; path = TintImageView.swift; sourceTree = "<group>"; };
		A688281B1F77094600D82322 /* TitleNavigationItem.swift */ = {isa = PBXFileReference; lastKnownFileType = sourcecode.swift; path = TitleNavigationItem.swift; sourceTree = "<group>"; };
		A6BA0F581F74E20C00FAF47E /* Dance Trix.app */ = {isa = PBXFileReference; explicitFileType = wrapper.application; includeInIndex = 0; path = "Dance Trix.app"; sourceTree = BUILT_PRODUCTS_DIR; };
		A6BA0F5B1F74E20C00FAF47E /* AppDelegate.swift */ = {isa = PBXFileReference; lastKnownFileType = sourcecode.swift; path = AppDelegate.swift; sourceTree = "<group>"; };
		A6BA0F5D1F74E20C00FAF47E /* HomeViewController.swift */ = {isa = PBXFileReference; lastKnownFileType = sourcecode.swift; path = HomeViewController.swift; sourceTree = "<group>"; };
		A6BA0F601F74E20C00FAF47E /* Base */ = {isa = PBXFileReference; lastKnownFileType = file.storyboard; name = Base; path = Base.lproj/Main.storyboard; sourceTree = "<group>"; };
		A6BA0F621F74E20C00FAF47E /* Assets.xcassets */ = {isa = PBXFileReference; lastKnownFileType = folder.assetcatalog; path = Assets.xcassets; sourceTree = "<group>"; };
		A6BA0F651F74E20C00FAF47E /* Base */ = {isa = PBXFileReference; lastKnownFileType = file.storyboard; name = Base; path = Base.lproj/LaunchScreen.storyboard; sourceTree = "<group>"; };
		A6BA0F671F74E20C00FAF47E /* Info.plist */ = {isa = PBXFileReference; lastKnownFileType = text.plist.xml; path = Info.plist; sourceTree = "<group>"; };
		A6BA0F701F74FE4C00FAF47E /* ClassMenu.swift */ = {isa = PBXFileReference; lastKnownFileType = sourcecode.swift; path = ClassMenu.swift; sourceTree = "<group>"; };
		A6BA0F721F74FEB800FAF47E /* Class.swift */ = {isa = PBXFileReference; lastKnownFileType = sourcecode.swift; path = Class.swift; sourceTree = "<group>"; };
/* End PBXFileReference section */

/* Begin PBXFrameworksBuildPhase section */
		A68828021F7560C600D82322 /* Frameworks */ = {
			isa = PBXFrameworksBuildPhase;
			buildActionMask = 2147483647;
			files = (
			);
			runOnlyForDeploymentPostprocessing = 0;
		};
		A6BA0F551F74E20C00FAF47E /* Frameworks */ = {
			isa = PBXFrameworksBuildPhase;
			buildActionMask = 2147483647;
			files = (
			);
			runOnlyForDeploymentPostprocessing = 0;
		};
/* End PBXFrameworksBuildPhase section */

/* Begin PBXGroup section */
		A68828061F7560C600D82322 /* Dance Trix Tests */ = {
			isa = PBXGroup;
			children = (
				A68828071F7560C600D82322 /* Dance_Trix_Tests.swift */,
				A68828091F7560C600D82322 /* Info.plist */,
			);
			path = "Dance Trix Tests";
			sourceTree = "<group>";
		};
		A68828161F76FC5500D82322 /* UI */ = {
			isa = PBXGroup;
			children = (
				A68828171F76FC7000D82322 /* LinkButton.swift */,
				A68828191F7706D200D82322 /* TintImageView.swift */,
				A688281B1F77094600D82322 /* TitleNavigationItem.swift */,
			);
			path = UI;
			sourceTree = "<group>";
		};
		A6BA0F4F1F74E20C00FAF47E = {
			isa = PBXGroup;
			children = (
				A6BA0F5A1F74E20C00FAF47E /* Dance Trix */,
				A68828061F7560C600D82322 /* Dance Trix Tests */,
				A6BA0F591F74E20C00FAF47E /* Products */,
			);
			sourceTree = "<group>";
		};
		A6BA0F591F74E20C00FAF47E /* Products */ = {
			isa = PBXGroup;
			children = (
				A6BA0F581F74E20C00FAF47E /* Dance Trix.app */,
				A68828051F7560C600D82322 /* Dance Trix Tests.xctest */,
			);
			name = Products;
			sourceTree = "<group>";
		};
		A6BA0F5A1F74E20C00FAF47E /* Dance Trix */ = {
			isa = PBXGroup;
			children = (
				A68828161F76FC5500D82322 /* UI */,
				A6BA0F6D1F74F24600FAF47E /* Domain */,
				A6BA0F5B1F74E20C00FAF47E /* AppDelegate.swift */,
				A6BA0F5D1F74E20C00FAF47E /* HomeViewController.swift */,
				A632F7891F7505E100F9FD8A /* ClassesViewController.swift */,
				A68828111F756F0600D82322 /* Theme.swift */,
				A6BA0F621F74E20C00FAF47E /* Assets.xcassets */,
				A6BA0F5F1F74E20C00FAF47E /* Main.storyboard */,
				A6BA0F641F74E20C00FAF47E /* LaunchScreen.storyboard */,
				A6BA0F671F74E20C00FAF47E /* Info.plist */,
			);
			path = "Dance Trix";
			sourceTree = "<group>";
		};
		A6BA0F6D1F74F24600FAF47E /* Domain */ = {
			isa = PBXGroup;
			children = (
				A6BA0F701F74FE4C00FAF47E /* ClassMenu.swift */,
				A6BA0F721F74FEB800FAF47E /* Class.swift */,
				A68828131F75AB6200D82322 /* ClassMenuParser.swift */,
			);
			path = Domain;
			sourceTree = "<group>";
		};
/* End PBXGroup section */

/* Begin PBXNativeTarget section */
		A68828041F7560C600D82322 /* Dance Trix Tests */ = {
			isa = PBXNativeTarget;
			buildConfigurationList = A688280E1F7560C600D82322 /* Build configuration list for PBXNativeTarget "Dance Trix Tests" */;
			buildPhases = (
				A68828011F7560C600D82322 /* Sources */,
				A68828021F7560C600D82322 /* Frameworks */,
				A68828031F7560C600D82322 /* Resources */,
			);
			buildRules = (
			);
			dependencies = (
				A688280B1F7560C600D82322 /* PBXTargetDependency */,
			);
			name = "Dance Trix Tests";
			productName = "Dance Trix Tests";
			productReference = A68828051F7560C600D82322 /* Dance Trix Tests.xctest */;
			productType = "com.apple.product-type.bundle.unit-test";
		};
		A6BA0F571F74E20C00FAF47E /* Dance Trix */ = {
			isa = PBXNativeTarget;
			buildConfigurationList = A6BA0F6A1F74E20C00FAF47E /* Build configuration list for PBXNativeTarget "Dance Trix" */;
			buildPhases = (
				A6BA0F541F74E20C00FAF47E /* Sources */,
				A6BA0F551F74E20C00FAF47E /* Frameworks */,
				A6BA0F561F74E20C00FAF47E /* Resources */,
			);
			buildRules = (
			);
			dependencies = (
			);
			name = "Dance Trix";
			productName = "Dance Trix";
			productReference = A6BA0F581F74E20C00FAF47E /* Dance Trix.app */;
			productType = "com.apple.product-type.application";
		};
/* End PBXNativeTarget section */

/* Begin PBXProject section */
		A6BA0F501F74E20C00FAF47E /* Project object */ = {
			isa = PBXProject;
			attributes = {
				LastSwiftUpdateCheck = 0900;
				LastUpgradeCheck = 0900;
				ORGANIZATIONNAME = "Dance Trix";
				TargetAttributes = {
					A68828041F7560C600D82322 = {
						CreatedOnToolsVersion = 9.0;
						ProvisioningStyle = Automatic;
						TestTargetID = A6BA0F571F74E20C00FAF47E;
					};
					A6BA0F571F74E20C00FAF47E = {
						CreatedOnToolsVersion = 9.0;
						ProvisioningStyle = Automatic;
					};
				};
			};
			buildConfigurationList = A6BA0F531F74E20C00FAF47E /* Build configuration list for PBXProject "Dance Trix" */;
			compatibilityVersion = "Xcode 8.0";
			developmentRegion = en;
			hasScannedForEncodings = 0;
			knownRegions = (
				en,
				Base,
			);
			mainGroup = A6BA0F4F1F74E20C00FAF47E;
			productRefGroup = A6BA0F591F74E20C00FAF47E /* Products */;
			projectDirPath = "";
			projectRoot = "";
			targets = (
				A6BA0F571F74E20C00FAF47E /* Dance Trix */,
				A68828041F7560C600D82322 /* Dance Trix Tests */,
			);
		};
/* End PBXProject section */

/* Begin PBXResourcesBuildPhase section */
		A68828031F7560C600D82322 /* Resources */ = {
			isa = PBXResourcesBuildPhase;
			buildActionMask = 2147483647;
			files = (
			);
			runOnlyForDeploymentPostprocessing = 0;
		};
		A6BA0F561F74E20C00FAF47E /* Resources */ = {
			isa = PBXResourcesBuildPhase;
			buildActionMask = 2147483647;
			files = (
				A6BA0F661F74E20C00FAF47E /* LaunchScreen.storyboard in Resources */,
				A6BA0F631F74E20C00FAF47E /* Assets.xcassets in Resources */,
				A6BA0F611F74E20C00FAF47E /* Main.storyboard in Resources */,
			);
			runOnlyForDeploymentPostprocessing = 0;
		};
/* End PBXResourcesBuildPhase section */

/* Begin PBXSourcesBuildPhase section */
		A68828011F7560C600D82322 /* Sources */ = {
			isa = PBXSourcesBuildPhase;
			buildActionMask = 2147483647;
			files = (
				A68828151F75ADD100D82322 /* ClassMenuParser.swift in Sources */,
				A68828101F75627F00D82322 /* Class.swift in Sources */,
				A688280F1F75626300D82322 /* ClassMenu.swift in Sources */,
				A68828081F7560C600D82322 /* Dance_Trix_Tests.swift in Sources */,
			);
			runOnlyForDeploymentPostprocessing = 0;
		};
		A6BA0F541F74E20C00FAF47E /* Sources */ = {
			isa = PBXSourcesBuildPhase;
			buildActionMask = 2147483647;
			files = (
				A6BA0F731F74FEB800FAF47E /* Class.swift in Sources */,
				A6BA0F5E1F74E20C00FAF47E /* HomeViewController.swift in Sources */,
				A688281A1F7706D200D82322 /* TintImageView.swift in Sources */,
				A632F78A1F7505E100F9FD8A /* ClassesViewController.swift in Sources */,
				A68828141F75AB6200D82322 /* ClassMenuParser.swift in Sources */,
				A68828121F756F0600D82322 /* Theme.swift in Sources */,
				A6BA0F711F74FE4C00FAF47E /* ClassMenu.swift in Sources */,
				A688281C1F77094600D82322 /* TitleNavigationItem.swift in Sources */,
				A6BA0F5C1F74E20C00FAF47E /* AppDelegate.swift in Sources */,
				A68828181F76FC7000D82322 /* LinkButton.swift in Sources */,
			);
			runOnlyForDeploymentPostprocessing = 0;
		};
/* End PBXSourcesBuildPhase section */

/* Begin PBXTargetDependency section */
		A688280B1F7560C600D82322 /* PBXTargetDependency */ = {
			isa = PBXTargetDependency;
			target = A6BA0F571F74E20C00FAF47E /* Dance Trix */;
			targetProxy = A688280A1F7560C600D82322 /* PBXContainerItemProxy */;
		};
/* End PBXTargetDependency section */

/* Begin PBXVariantGroup section */
		A6BA0F5F1F74E20C00FAF47E /* Main.storyboard */ = {
			isa = PBXVariantGroup;
			children = (
				A6BA0F601F74E20C00FAF47E /* Base */,
			);
			name = Main.storyboard;
			sourceTree = "<group>";
		};
		A6BA0F641F74E20C00FAF47E /* LaunchScreen.storyboard */ = {
			isa = PBXVariantGroup;
			children = (
				A6BA0F651F74E20C00FAF47E /* Base */,
			);
			name = LaunchScreen.storyboard;
			sourceTree = "<group>";
		};
/* End PBXVariantGroup section */

/* Begin XCBuildConfiguration section */
		A688280C1F7560C600D82322 /* Debug */ = {
			isa = XCBuildConfiguration;
			buildSettings = {
				BUNDLE_LOADER = "$(TEST_HOST)";
				CODE_SIGN_STYLE = Automatic;
				INFOPLIST_FILE = "Dance Trix Tests/Info.plist";
				LD_RUNPATH_SEARCH_PATHS = "$(inherited) @executable_path/Frameworks @loader_path/Frameworks";
				PRODUCT_BUNDLE_IDENTIFIER = "uk.co.dancetrix.Dance-Trix-Tests";
				PRODUCT_NAME = "$(TARGET_NAME)";
				SWIFT_VERSION = 4.0;
				TARGETED_DEVICE_FAMILY = "1,2";
				TEST_HOST = "$(BUILT_PRODUCTS_DIR)/Dance Trix.app/Dance Trix";
			};
			name = Debug;
		};
		A688280D1F7560C600D82322 /* Release */ = {
			isa = XCBuildConfiguration;
			buildSettings = {
				BUNDLE_LOADER = "$(TEST_HOST)";
				CODE_SIGN_STYLE = Automatic;
				INFOPLIST_FILE = "Dance Trix Tests/Info.plist";
				LD_RUNPATH_SEARCH_PATHS = "$(inherited) @executable_path/Frameworks @loader_path/Frameworks";
				PRODUCT_BUNDLE_IDENTIFIER = "uk.co.dancetrix.Dance-Trix-Tests";
				PRODUCT_NAME = "$(TARGET_NAME)";
				SWIFT_VERSION = 4.0;
				TARGETED_DEVICE_FAMILY = "1,2";
				TEST_HOST = "$(BUILT_PRODUCTS_DIR)/Dance Trix.app/Dance Trix";
			};
			name = Release;
		};
		A6BA0F681F74E20C00FAF47E /* Debug */ = {
			isa = XCBuildConfiguration;
			buildSettings = {
				ALWAYS_SEARCH_USER_PATHS = NO;
				CLANG_ANALYZER_NONNULL = YES;
				CLANG_ANALYZER_NUMBER_OBJECT_CONVERSION = YES_AGGRESSIVE;
				CLANG_CXX_LANGUAGE_STANDARD = "gnu++14";
				CLANG_CXX_LIBRARY = "libc++";
				CLANG_ENABLE_MODULES = YES;
				CLANG_ENABLE_OBJC_ARC = YES;
				CLANG_WARN_BLOCK_CAPTURE_AUTORELEASING = YES;
				CLANG_WARN_BOOL_CONVERSION = YES;
				CLANG_WARN_COMMA = YES;
				CLANG_WARN_CONSTANT_CONVERSION = YES;
				CLANG_WARN_DIRECT_OBJC_ISA_USAGE = YES_ERROR;
				CLANG_WARN_DOCUMENTATION_COMMENTS = YES;
				CLANG_WARN_EMPTY_BODY = YES;
				CLANG_WARN_ENUM_CONVERSION = YES;
				CLANG_WARN_INFINITE_RECURSION = YES;
				CLANG_WARN_INT_CONVERSION = YES;
				CLANG_WARN_NON_LITERAL_NULL_CONVERSION = YES;
				CLANG_WARN_OBJC_LITERAL_CONVERSION = YES;
				CLANG_WARN_OBJC_ROOT_CLASS = YES_ERROR;
				CLANG_WARN_RANGE_LOOP_ANALYSIS = YES;
				CLANG_WARN_STRICT_PROTOTYPES = YES;
				CLANG_WARN_SUSPICIOUS_MOVE = YES;
				CLANG_WARN_UNGUARDED_AVAILABILITY = YES_AGGRESSIVE;
				CLANG_WARN_UNREACHABLE_CODE = YES;
				CLANG_WARN__DUPLICATE_METHOD_MATCH = YES;
				CODE_SIGN_IDENTITY = "iPhone Developer";
				COPY_PHASE_STRIP = NO;
				DEBUG_INFORMATION_FORMAT = dwarf;
				ENABLE_STRICT_OBJC_MSGSEND = YES;
				ENABLE_TESTABILITY = YES;
				GCC_C_LANGUAGE_STANDARD = gnu11;
				GCC_DYNAMIC_NO_PIC = NO;
				GCC_NO_COMMON_BLOCKS = YES;
				GCC_OPTIMIZATION_LEVEL = 0;
				GCC_PREPROCESSOR_DEFINITIONS = (
					"DEBUG=1",
					"$(inherited)",
				);
				GCC_WARN_64_TO_32_BIT_CONVERSION = YES;
				GCC_WARN_ABOUT_RETURN_TYPE = YES_ERROR;
				GCC_WARN_UNDECLARED_SELECTOR = YES;
				GCC_WARN_UNINITIALIZED_AUTOS = YES_AGGRESSIVE;
				GCC_WARN_UNUSED_FUNCTION = YES;
				GCC_WARN_UNUSED_VARIABLE = YES;
				IPHONEOS_DEPLOYMENT_TARGET = 11.0;
				MTL_ENABLE_DEBUG_INFO = YES;
				ONLY_ACTIVE_ARCH = YES;
				SDKROOT = iphoneos;
				SWIFT_ACTIVE_COMPILATION_CONDITIONS = DEBUG;
				SWIFT_OPTIMIZATION_LEVEL = "-Onone";
			};
			name = Debug;
		};
		A6BA0F691F74E20C00FAF47E /* Release */ = {
			isa = XCBuildConfiguration;
			buildSettings = {
				ALWAYS_SEARCH_USER_PATHS = NO;
				CLANG_ANALYZER_NONNULL = YES;
				CLANG_ANALYZER_NUMBER_OBJECT_CONVERSION = YES_AGGRESSIVE;
				CLANG_CXX_LANGUAGE_STANDARD = "gnu++14";
				CLANG_CXX_LIBRARY = "libc++";
				CLANG_ENABLE_MODULES = YES;
				CLANG_ENABLE_OBJC_ARC = YES;
				CLANG_WARN_BLOCK_CAPTURE_AUTORELEASING = YES;
				CLANG_WARN_BOOL_CONVERSION = YES;
				CLANG_WARN_COMMA = YES;
				CLANG_WARN_CONSTANT_CONVERSION = YES;
				CLANG_WARN_DIRECT_OBJC_ISA_USAGE = YES_ERROR;
				CLANG_WARN_DOCUMENTATION_COMMENTS = YES;
				CLANG_WARN_EMPTY_BODY = YES;
				CLANG_WARN_ENUM_CONVERSION = YES;
				CLANG_WARN_INFINITE_RECURSION = YES;
				CLANG_WARN_INT_CONVERSION = YES;
				CLANG_WARN_NON_LITERAL_NULL_CONVERSION = YES;
				CLANG_WARN_OBJC_LITERAL_CONVERSION = YES;
				CLANG_WARN_OBJC_ROOT_CLASS = YES_ERROR;
				CLANG_WARN_RANGE_LOOP_ANALYSIS = YES;
				CLANG_WARN_STRICT_PROTOTYPES = YES;
				CLANG_WARN_SUSPICIOUS_MOVE = YES;
				CLANG_WARN_UNGUARDED_AVAILABILITY = YES_AGGRESSIVE;
				CLANG_WARN_UNREACHABLE_CODE = YES;
				CLANG_WARN__DUPLICATE_METHOD_MATCH = YES;
				CODE_SIGN_IDENTITY = "iPhone Developer";
				COPY_PHASE_STRIP = NO;
				DEBUG_INFORMATION_FORMAT = "dwarf-with-dsym";
				ENABLE_NS_ASSERTIONS = NO;
				ENABLE_STRICT_OBJC_MSGSEND = YES;
				GCC_C_LANGUAGE_STANDARD = gnu11;
				GCC_NO_COMMON_BLOCKS = YES;
				GCC_WARN_64_TO_32_BIT_CONVERSION = YES;
				GCC_WARN_ABOUT_RETURN_TYPE = YES_ERROR;
				GCC_WARN_UNDECLARED_SELECTOR = YES;
				GCC_WARN_UNINITIALIZED_AUTOS = YES_AGGRESSIVE;
				GCC_WARN_UNUSED_FUNCTION = YES;
				GCC_WARN_UNUSED_VARIABLE = YES;
				IPHONEOS_DEPLOYMENT_TARGET = 11.0;
				MTL_ENABLE_DEBUG_INFO = NO;
				SDKROOT = iphoneos;
				SWIFT_OPTIMIZATION_LEVEL = "-Owholemodule";
				VALIDATE_PRODUCT = YES;
			};
			name = Release;
		};
		A6BA0F6B1F74E20C00FAF47E /* Debug */ = {
			isa = XCBuildConfiguration;
			buildSettings = {
				ASSETCATALOG_COMPILER_APPICON_NAME = AppIcon;
				CODE_SIGN_STYLE = Automatic;
				INFOPLIST_FILE = "Dance Trix/Info.plist";
				IPHONEOS_DEPLOYMENT_TARGET = 10.0;
				LD_RUNPATH_SEARCH_PATHS = "$(inherited) @executable_path/Frameworks";
				PRODUCT_BUNDLE_IDENTIFIER = "uk.co.dancetrix.Dance-Trix";
				PRODUCT_NAME = "$(TARGET_NAME)";
				SWIFT_VERSION = 4.0;
				TARGETED_DEVICE_FAMILY = 1;
			};
			name = Debug;
		};
		A6BA0F6C1F74E20C00FAF47E /* Release */ = {
			isa = XCBuildConfiguration;
			buildSettings = {
				ASSETCATALOG_COMPILER_APPICON_NAME = AppIcon;
				CODE_SIGN_STYLE = Automatic;
				INFOPLIST_FILE = "Dance Trix/Info.plist";
				IPHONEOS_DEPLOYMENT_TARGET = 10.0;
				LD_RUNPATH_SEARCH_PATHS = "$(inherited) @executable_path/Frameworks";
				PRODUCT_BUNDLE_IDENTIFIER = "uk.co.dancetrix.Dance-Trix";
				PRODUCT_NAME = "$(TARGET_NAME)";
				SWIFT_VERSION = 4.0;
				TARGETED_DEVICE_FAMILY = 1;
			};
			name = Release;
		};
/* End XCBuildConfiguration section */

/* Begin XCConfigurationList section */
		A688280E1F7560C600D82322 /* Build configuration list for PBXNativeTarget "Dance Trix Tests" */ = {
			isa = XCConfigurationList;
			buildConfigurations = (
				A688280C1F7560C600D82322 /* Debug */,
				A688280D1F7560C600D82322 /* Release */,
			);
			defaultConfigurationIsVisible = 0;
			defaultConfigurationName = Release;
		};
		A6BA0F531F74E20C00FAF47E /* Build configuration list for PBXProject "Dance Trix" */ = {
			isa = XCConfigurationList;
			buildConfigurations = (
				A6BA0F681F74E20C00FAF47E /* Debug */,
				A6BA0F691F74E20C00FAF47E /* Release */,
			);
			defaultConfigurationIsVisible = 0;
			defaultConfigurationName = Release;
		};
		A6BA0F6A1F74E20C00FAF47E /* Build configuration list for PBXNativeTarget "Dance Trix" */ = {
			isa = XCConfigurationList;
			buildConfigurations = (
				A6BA0F6B1F74E20C00FAF47E /* Debug */,
				A6BA0F6C1F74E20C00FAF47E /* Release */,
			);
			defaultConfigurationIsVisible = 0;
			defaultConfigurationName = Release;
		};
/* End XCConfigurationList section */
	};
	rootObject = A6BA0F501F74E20C00FAF47E /* Project object */;
}
